
Microsoft Visual Studio Solution File, Format Version 12.00
# Visual Studio Version 16
VisualStudioVersion = 16.0.28531.58
MinimumVisualStudioVersion = 10.0.40219.1
Project("{9A19103F-16F7-4668-BE54-9A1E7A4F7556}") = "Shop.Common", "Shop.Common\Shop.Common.csproj", "{217A8B0D-012D-443F-A8C1-F5962E9AEB20}"
EndProject
Project("{2150E333-8FDC-42A3-9474-1A3956D46DE8}") = "Backend", "Backend", "{9977B278-D2E7-42D8-9829-1C3FD893AE97}"
EndProject
Project("{2150E333-8FDC-42A3-9474-1A3956D46DE8}") = "Frontend", "Frontend", "{EF9AC0D6-0E58-4868-A4AD-AF8366F25E45}"
EndProject
Project("{9A19103F-16F7-4668-BE54-9A1E7A4F7556}") = "Shop.Web", "Shop.Web\Shop.Web.csproj", "{7AF894B5-E480-42C4-B5F0-741019EB7B42}"
EndProject
Project("{2150E333-8FDC-42A3-9474-1A3956D46DE8}") = "Forms", "Forms", "{8B91D04D-680A-44AD-BF67-D7C0DBE12964}"
EndProject
Project("{2150E333-8FDC-42A3-9474-1A3956D46DE8}") = "Classic", "Classic", "{D0271F75-0F17-4548-B9E8-367158DA58B0}"
EndProject
Project("{FAE04EC0-301F-11D3-BF4B-00C04F79EFBC}") = "Shop.UIClassic.Android", "Shop.UIClassic.Android\Shop.UIClassic.Android.csproj", "{B5370401-C7AE-4BBB-8DF3-9E55EDB02D43}"
EndProject
Project("{FAE04EC0-301F-11D3-BF4B-00C04F79EFBC}") = "Shop.UIForms.Android", "Shop.UIForms\Shop.UIForms.Android\Shop.UIForms.Android.csproj", "{7B8A1134-124A-47BE-AE1A-31AB94F70F98}"
EndProject
Project("{FAE04EC0-301F-11D3-BF4B-00C04F79EFBC}") = "Shop.UIForms.iOS", "Shop.UIForms\Shop.UIForms.iOS\Shop.UIForms.iOS.csproj", "{715A3D3A-1D5D-4D1E-9723-CEAB0469131E}"
EndProject
Project("{9A19103F-16F7-4668-BE54-9A1E7A4F7556}") = "Shop.UIForms", "Shop.UIForms\Shop.UIForms\Shop.UIForms.csproj", "{7B9F939B-499D-4CD7-9D02-B8D3EB458B2A}"
EndProject
Project("{FAE04EC0-301F-11D3-BF4B-00C04F79EFBC}") = "Shop.UIClassic.iOS", "Shop.UIClassic.iOS\Shop.UIClassic.iOS.csproj", "{E1A20C1D-8FD8-4DB0-925C-0767439DEDC6}"
EndProject
Project("{2150E333-8FDC-42A3-9474-1A3956D46DE8}") = "MVVMCrossTestConcept", "MVVMCrossTestConcept", "{9B55B8B1-76F3-4D22-9525-1E8017E38F15}"
EndProject
Project("{9A19103F-16F7-4668-BE54-9A1E7A4F7556}") = "FourWays.Core", "FourWays.Core\FourWays.Core.csproj", "{C4420B52-5ABF-4F7A-85AF-2155F3DC9BB5}"
EndProject
Project("{FAE04EC0-301F-11D3-BF4B-00C04F79EFBC}") = "FourWays.FormsTraditional.Android", "FourWays.FormsTraditional\FourWays.FormsTraditional.Android\FourWays.FormsTraditional.Android.csproj", "{769F76AD-48C5-4D3A-83AC-52BFABF0E54E}"
EndProject
Project("{FAE04EC0-301F-11D3-BF4B-00C04F79EFBC}") = "FourWays.FormsTraditional.iOS", "FourWays.FormsTraditional\FourWays.FormsTraditional.iOS\FourWays.FormsTraditional.iOS.csproj", "{310031AB-F281-4954-AACB-670A19DB4FCB}"
EndProject
Project("{9A19103F-16F7-4668-BE54-9A1E7A4F7556}") = "FourWays.FormsTraditional", "FourWays.FormsTraditional\FourWays.FormsTraditional\FourWays.FormsTraditional.csproj", "{FE5F0C94-9C6D-402A-8004-63C8404CC84C}"
EndProject
Project("{FAE04EC0-301F-11D3-BF4B-00C04F79EFBC}") = "FourWays.Classic.Droid", "FourWays.Classic.Droid\FourWays.Classic.Droid.csproj", "{57CA013F-507D-48F9-8921-D7870C600572}"
EndProject
Project("{FAE04EC0-301F-11D3-BF4B-00C04F79EFBC}") = "FourWays.Classic.iOS", "FourWays.Classic.iOS\FourWays.Classic.iOS.csproj", "{408F4CC6-CDE2-4015-AC63-F80168CFDE24}"
EndProject
Project("{FAE04EC0-301F-11D3-BF4B-00C04F79EFBC}") = "FourWays.Cross.Droid", "FourWays.Cross.Droid\FourWays.Cross.Droid.csproj", "{4C2FB941-13F7-497C-9770-6575F9B80778}"
EndProject
Project("{FAE04EC0-301F-11D3-BF4B-00C04F79EFBC}") = "FourWays.Cross.iOS", "FourWays.Cross.iOS\FourWays.Cross.iOS.csproj", "{69554039-CA03-4072-8FE0-8584AF66AC37}"
EndProject
Project("{FAE04EC0-301F-11D3-BF4B-00C04F79EFBC}") = "FourWays.FormsCross.Android", "FourWays.FormsCross\FourWays.FormsCross.Android\FourWays.FormsCross.Android.csproj", "{4EC965A3-40C4-48BF-ACB0-DFC34D4FECA8}"
EndProject
Project("{FAE04EC0-301F-11D3-BF4B-00C04F79EFBC}") = "FourWays.FormsCross.iOS", "FourWays.FormsCross\FourWays.FormsCross.iOS\FourWays.FormsCross.iOS.csproj", "{B708EFB0-96B9-4448-A84A-8BED5FD589AD}"
EndProject
Project("{9A19103F-16F7-4668-BE54-9A1E7A4F7556}") = "FourWays.FormsCross", "FourWays.FormsCross\FourWays.FormsCross\FourWays.FormsCross.csproj", "{92C530F4-5E22-40C1-A506-4EE26D81207F}"
EndProject
Project("{2150E333-8FDC-42A3-9474-1A3956D46DE8}") = "MVVMCross", "MVVMCross", "{732018CC-6F5C-46CD-A438-B31F6D7A015B}"
EndProject
Project("{FAE04EC0-301F-11D3-BF4B-00C04F79EFBC}") = "Shop.UICross.Android", "Shop.UICross.Android\Shop.UICross.Android.csproj", "{DC5A89BD-BFDF-4BAD-8104-71513828C3D4}"
EndProject
Project("{FAE04EC0-301F-11D3-BF4B-00C04F79EFBC}") = "Shop.UICross.iOS", "Shop.UICross.iOS\Shop.UICross.iOS.csproj", "{395C9AC6-F166-4E00-A824-AE21D2F0DCC9}"
EndProject
Project("{2150E333-8FDC-42A3-9474-1A3956D46DE8}") = "Prism", "Prism", "{2480115D-027D-47FC-A59A-7BF4DCF4C56D}"
EndProject
Project("{FAE04EC0-301F-11D3-BF4B-00C04F79EFBC}") = "Shop.UIPrism", "Shop.UIPrism\Shop.UIPrism\Shop.UIPrism.csproj", "{0D8CBEF6-D527-465D-8EA3-F029425D13FB}"
EndProject
Project("{FAE04EC0-301F-11D3-BF4B-00C04F79EFBC}") = "Shop.UIPrism.Android", "Shop.UIPrism\Shop.UIPrism.Android\Shop.UIPrism.Android.csproj", "{B73F5541-9539-43DE-935E-E1B11F422AE8}"
EndProject
Project("{FAE04EC0-301F-11D3-BF4B-00C04F79EFBC}") = "Shop.UIPrism.iOS", "Shop.UIPrism\Shop.UIPrism.iOS\Shop.UIPrism.iOS.csproj", "{C9D4296A-B1BD-4065-BAA3-C212EA1B44B5}"
EndProject
Global
	GlobalSection(SolutionConfigurationPlatforms) = preSolution
		Ad-Hoc|Any CPU = Ad-Hoc|Any CPU
		Ad-Hoc|iPhone = Ad-Hoc|iPhone
		Ad-Hoc|iPhoneSimulator = Ad-Hoc|iPhoneSimulator
		AppStore|Any CPU = AppStore|Any CPU
		AppStore|iPhone = AppStore|iPhone
		AppStore|iPhoneSimulator = AppStore|iPhoneSimulator
		Debug|Any CPU = Debug|Any CPU
		Debug|iPhone = Debug|iPhone
		Debug|iPhoneSimulator = Debug|iPhoneSimulator
		Release|Any CPU = Release|Any CPU
		Release|iPhone = Release|iPhone
		Release|iPhoneSimulator = Release|iPhoneSimulator
	EndGlobalSection
	GlobalSection(ProjectConfigurationPlatforms) = postSolution
		{217A8B0D-012D-443F-A8C1-F5962E9AEB20}.Ad-Hoc|Any CPU.ActiveCfg = Release|Any CPU
		{217A8B0D-012D-443F-A8C1-F5962E9AEB20}.Ad-Hoc|Any CPU.Build.0 = Release|Any CPU
		{217A8B0D-012D-443F-A8C1-F5962E9AEB20}.Ad-Hoc|iPhone.ActiveCfg = Release|Any CPU
		{217A8B0D-012D-443F-A8C1-F5962E9AEB20}.Ad-Hoc|iPhone.Build.0 = Release|Any CPU
		{217A8B0D-012D-443F-A8C1-F5962E9AEB20}.Ad-Hoc|iPhoneSimulator.ActiveCfg = Release|Any CPU
		{217A8B0D-012D-443F-A8C1-F5962E9AEB20}.Ad-Hoc|iPhoneSimulator.Build.0 = Release|Any CPU
		{217A8B0D-012D-443F-A8C1-F5962E9AEB20}.AppStore|Any CPU.ActiveCfg = Release|Any CPU
		{217A8B0D-012D-443F-A8C1-F5962E9AEB20}.AppStore|Any CPU.Build.0 = Release|Any CPU
		{217A8B0D-012D-443F-A8C1-F5962E9AEB20}.AppStore|iPhone.ActiveCfg = Release|Any CPU
		{217A8B0D-012D-443F-A8C1-F5962E9AEB20}.AppStore|iPhone.Build.0 = Release|Any CPU
		{217A8B0D-012D-443F-A8C1-F5962E9AEB20}.AppStore|iPhoneSimulator.ActiveCfg = Release|Any CPU
		{217A8B0D-012D-443F-A8C1-F5962E9AEB20}.AppStore|iPhoneSimulator.Build.0 = Release|Any CPU
		{217A8B0D-012D-443F-A8C1-F5962E9AEB20}.Debug|Any CPU.ActiveCfg = Debug|Any CPU
		{217A8B0D-012D-443F-A8C1-F5962E9AEB20}.Debug|Any CPU.Build.0 = Debug|Any CPU
		{217A8B0D-012D-443F-A8C1-F5962E9AEB20}.Debug|iPhone.ActiveCfg = Debug|Any CPU
		{217A8B0D-012D-443F-A8C1-F5962E9AEB20}.Debug|iPhone.Build.0 = Debug|Any CPU
		{217A8B0D-012D-443F-A8C1-F5962E9AEB20}.Debug|iPhoneSimulator.ActiveCfg = Debug|Any CPU
		{217A8B0D-012D-443F-A8C1-F5962E9AEB20}.Debug|iPhoneSimulator.Build.0 = Debug|Any CPU
		{217A8B0D-012D-443F-A8C1-F5962E9AEB20}.Release|Any CPU.ActiveCfg = Release|Any CPU
		{217A8B0D-012D-443F-A8C1-F5962E9AEB20}.Release|Any CPU.Build.0 = Release|Any CPU
		{217A8B0D-012D-443F-A8C1-F5962E9AEB20}.Release|iPhone.ActiveCfg = Release|Any CPU
		{217A8B0D-012D-443F-A8C1-F5962E9AEB20}.Release|iPhone.Build.0 = Release|Any CPU
		{217A8B0D-012D-443F-A8C1-F5962E9AEB20}.Release|iPhoneSimulator.ActiveCfg = Release|Any CPU
		{217A8B0D-012D-443F-A8C1-F5962E9AEB20}.Release|iPhoneSimulator.Build.0 = Release|Any CPU
		{7AF894B5-E480-42C4-B5F0-741019EB7B42}.Ad-Hoc|Any CPU.ActiveCfg = Release|Any CPU
		{7AF894B5-E480-42C4-B5F0-741019EB7B42}.Ad-Hoc|Any CPU.Build.0 = Release|Any CPU
		{7AF894B5-E480-42C4-B5F0-741019EB7B42}.Ad-Hoc|iPhone.ActiveCfg = Release|Any CPU
		{7AF894B5-E480-42C4-B5F0-741019EB7B42}.Ad-Hoc|iPhone.Build.0 = Release|Any CPU
		{7AF894B5-E480-42C4-B5F0-741019EB7B42}.Ad-Hoc|iPhoneSimulator.ActiveCfg = Release|Any CPU
		{7AF894B5-E480-42C4-B5F0-741019EB7B42}.Ad-Hoc|iPhoneSimulator.Build.0 = Release|Any CPU
		{7AF894B5-E480-42C4-B5F0-741019EB7B42}.AppStore|Any CPU.ActiveCfg = Release|Any CPU
		{7AF894B5-E480-42C4-B5F0-741019EB7B42}.AppStore|Any CPU.Build.0 = Release|Any CPU
		{7AF894B5-E480-42C4-B5F0-741019EB7B42}.AppStore|iPhone.ActiveCfg = Release|Any CPU
		{7AF894B5-E480-42C4-B5F0-741019EB7B42}.AppStore|iPhone.Build.0 = Release|Any CPU
		{7AF894B5-E480-42C4-B5F0-741019EB7B42}.AppStore|iPhoneSimulator.ActiveCfg = Release|Any CPU
		{7AF894B5-E480-42C4-B5F0-741019EB7B42}.AppStore|iPhoneSimulator.Build.0 = Release|Any CPU
		{7AF894B5-E480-42C4-B5F0-741019EB7B42}.Debug|Any CPU.ActiveCfg = Debug|Any CPU
		{7AF894B5-E480-42C4-B5F0-741019EB7B42}.Debug|Any CPU.Build.0 = Debug|Any CPU
		{7AF894B5-E480-42C4-B5F0-741019EB7B42}.Debug|iPhone.ActiveCfg = Debug|Any CPU
		{7AF894B5-E480-42C4-B5F0-741019EB7B42}.Debug|iPhone.Build.0 = Debug|Any CPU
		{7AF894B5-E480-42C4-B5F0-741019EB7B42}.Debug|iPhoneSimulator.ActiveCfg = Debug|Any CPU
		{7AF894B5-E480-42C4-B5F0-741019EB7B42}.Debug|iPhoneSimulator.Build.0 = Debug|Any CPU
		{7AF894B5-E480-42C4-B5F0-741019EB7B42}.Release|Any CPU.ActiveCfg = Release|Any CPU
		{7AF894B5-E480-42C4-B5F0-741019EB7B42}.Release|Any CPU.Build.0 = Release|Any CPU
		{7AF894B5-E480-42C4-B5F0-741019EB7B42}.Release|iPhone.ActiveCfg = Release|Any CPU
		{7AF894B5-E480-42C4-B5F0-741019EB7B42}.Release|iPhone.Build.0 = Release|Any CPU
		{7AF894B5-E480-42C4-B5F0-741019EB7B42}.Release|iPhoneSimulator.ActiveCfg = Release|Any CPU
		{7AF894B5-E480-42C4-B5F0-741019EB7B42}.Release|iPhoneSimulator.Build.0 = Release|Any CPU
		{B5370401-C7AE-4BBB-8DF3-9E55EDB02D43}.Ad-Hoc|Any CPU.ActiveCfg = Release|Any CPU
		{B5370401-C7AE-4BBB-8DF3-9E55EDB02D43}.Ad-Hoc|Any CPU.Build.0 = Release|Any CPU
		{B5370401-C7AE-4BBB-8DF3-9E55EDB02D43}.Ad-Hoc|Any CPU.Deploy.0 = Release|Any CPU
		{B5370401-C7AE-4BBB-8DF3-9E55EDB02D43}.Ad-Hoc|iPhone.ActiveCfg = Release|Any CPU
		{B5370401-C7AE-4BBB-8DF3-9E55EDB02D43}.Ad-Hoc|iPhone.Build.0 = Release|Any CPU
		{B5370401-C7AE-4BBB-8DF3-9E55EDB02D43}.Ad-Hoc|iPhone.Deploy.0 = Release|Any CPU
		{B5370401-C7AE-4BBB-8DF3-9E55EDB02D43}.Ad-Hoc|iPhoneSimulator.ActiveCfg = Release|Any CPU
		{B5370401-C7AE-4BBB-8DF3-9E55EDB02D43}.Ad-Hoc|iPhoneSimulator.Build.0 = Release|Any CPU
		{B5370401-C7AE-4BBB-8DF3-9E55EDB02D43}.Ad-Hoc|iPhoneSimulator.Deploy.0 = Release|Any CPU
		{B5370401-C7AE-4BBB-8DF3-9E55EDB02D43}.AppStore|Any CPU.ActiveCfg = Release|Any CPU
		{B5370401-C7AE-4BBB-8DF3-9E55EDB02D43}.AppStore|Any CPU.Build.0 = Release|Any CPU
		{B5370401-C7AE-4BBB-8DF3-9E55EDB02D43}.AppStore|Any CPU.Deploy.0 = Release|Any CPU
		{B5370401-C7AE-4BBB-8DF3-9E55EDB02D43}.AppStore|iPhone.ActiveCfg = Release|Any CPU
		{B5370401-C7AE-4BBB-8DF3-9E55EDB02D43}.AppStore|iPhone.Build.0 = Release|Any CPU
		{B5370401-C7AE-4BBB-8DF3-9E55EDB02D43}.AppStore|iPhone.Deploy.0 = Release|Any CPU
		{B5370401-C7AE-4BBB-8DF3-9E55EDB02D43}.AppStore|iPhoneSimulator.ActiveCfg = Release|Any CPU
		{B5370401-C7AE-4BBB-8DF3-9E55EDB02D43}.AppStore|iPhoneSimulator.Build.0 = Release|Any CPU
		{B5370401-C7AE-4BBB-8DF3-9E55EDB02D43}.AppStore|iPhoneSimulator.Deploy.0 = Release|Any CPU
		{B5370401-C7AE-4BBB-8DF3-9E55EDB02D43}.Debug|Any CPU.ActiveCfg = Debug|Any CPU
		{B5370401-C7AE-4BBB-8DF3-9E55EDB02D43}.Debug|Any CPU.Build.0 = Debug|Any CPU
		{B5370401-C7AE-4BBB-8DF3-9E55EDB02D43}.Debug|Any CPU.Deploy.0 = Debug|Any CPU
		{B5370401-C7AE-4BBB-8DF3-9E55EDB02D43}.Debug|iPhone.ActiveCfg = Debug|Any CPU
		{B5370401-C7AE-4BBB-8DF3-9E55EDB02D43}.Debug|iPhone.Build.0 = Debug|Any CPU
		{B5370401-C7AE-4BBB-8DF3-9E55EDB02D43}.Debug|iPhone.Deploy.0 = Debug|Any CPU
		{B5370401-C7AE-4BBB-8DF3-9E55EDB02D43}.Debug|iPhoneSimulator.ActiveCfg = Debug|Any CPU
		{B5370401-C7AE-4BBB-8DF3-9E55EDB02D43}.Debug|iPhoneSimulator.Build.0 = Debug|Any CPU
		{B5370401-C7AE-4BBB-8DF3-9E55EDB02D43}.Debug|iPhoneSimulator.Deploy.0 = Debug|Any CPU
		{B5370401-C7AE-4BBB-8DF3-9E55EDB02D43}.Release|Any CPU.ActiveCfg = Release|Any CPU
		{B5370401-C7AE-4BBB-8DF3-9E55EDB02D43}.Release|Any CPU.Build.0 = Release|Any CPU
		{B5370401-C7AE-4BBB-8DF3-9E55EDB02D43}.Release|Any CPU.Deploy.0 = Release|Any CPU
		{B5370401-C7AE-4BBB-8DF3-9E55EDB02D43}.Release|iPhone.ActiveCfg = Release|Any CPU
		{B5370401-C7AE-4BBB-8DF3-9E55EDB02D43}.Release|iPhone.Build.0 = Release|Any CPU
		{B5370401-C7AE-4BBB-8DF3-9E55EDB02D43}.Release|iPhone.Deploy.0 = Release|Any CPU
		{B5370401-C7AE-4BBB-8DF3-9E55EDB02D43}.Release|iPhoneSimulator.ActiveCfg = Release|Any CPU
		{B5370401-C7AE-4BBB-8DF3-9E55EDB02D43}.Release|iPhoneSimulator.Build.0 = Release|Any CPU
		{B5370401-C7AE-4BBB-8DF3-9E55EDB02D43}.Release|iPhoneSimulator.Deploy.0 = Release|Any CPU
		{7B8A1134-124A-47BE-AE1A-31AB94F70F98}.Ad-Hoc|Any CPU.ActiveCfg = Release|Any CPU
		{7B8A1134-124A-47BE-AE1A-31AB94F70F98}.Ad-Hoc|Any CPU.Build.0 = Release|Any CPU
		{7B8A1134-124A-47BE-AE1A-31AB94F70F98}.Ad-Hoc|Any CPU.Deploy.0 = Release|Any CPU
		{7B8A1134-124A-47BE-AE1A-31AB94F70F98}.Ad-Hoc|iPhone.ActiveCfg = Release|Any CPU
		{7B8A1134-124A-47BE-AE1A-31AB94F70F98}.Ad-Hoc|iPhone.Build.0 = Release|Any CPU
		{7B8A1134-124A-47BE-AE1A-31AB94F70F98}.Ad-Hoc|iPhone.Deploy.0 = Release|Any CPU
		{7B8A1134-124A-47BE-AE1A-31AB94F70F98}.Ad-Hoc|iPhoneSimulator.ActiveCfg = Release|Any CPU
		{7B8A1134-124A-47BE-AE1A-31AB94F70F98}.Ad-Hoc|iPhoneSimulator.Build.0 = Release|Any CPU
		{7B8A1134-124A-47BE-AE1A-31AB94F70F98}.Ad-Hoc|iPhoneSimulator.Deploy.0 = Release|Any CPU
		{7B8A1134-124A-47BE-AE1A-31AB94F70F98}.AppStore|Any CPU.ActiveCfg = Release|Any CPU
		{7B8A1134-124A-47BE-AE1A-31AB94F70F98}.AppStore|Any CPU.Build.0 = Release|Any CPU
		{7B8A1134-124A-47BE-AE1A-31AB94F70F98}.AppStore|Any CPU.Deploy.0 = Release|Any CPU
		{7B8A1134-124A-47BE-AE1A-31AB94F70F98}.AppStore|iPhone.ActiveCfg = Release|Any CPU
		{7B8A1134-124A-47BE-AE1A-31AB94F70F98}.AppStore|iPhone.Build.0 = Release|Any CPU
		{7B8A1134-124A-47BE-AE1A-31AB94F70F98}.AppStore|iPhone.Deploy.0 = Release|Any CPU
		{7B8A1134-124A-47BE-AE1A-31AB94F70F98}.AppStore|iPhoneSimulator.ActiveCfg = Release|Any CPU
		{7B8A1134-124A-47BE-AE1A-31AB94F70F98}.AppStore|iPhoneSimulator.Build.0 = Release|Any CPU
		{7B8A1134-124A-47BE-AE1A-31AB94F70F98}.AppStore|iPhoneSimulator.Deploy.0 = Release|Any CPU
		{7B8A1134-124A-47BE-AE1A-31AB94F70F98}.Debug|Any CPU.ActiveCfg = Debug|Any CPU
		{7B8A1134-124A-47BE-AE1A-31AB94F70F98}.Debug|Any CPU.Build.0 = Debug|Any CPU
		{7B8A1134-124A-47BE-AE1A-31AB94F70F98}.Debug|Any CPU.Deploy.0 = Debug|Any CPU
		{7B8A1134-124A-47BE-AE1A-31AB94F70F98}.Debug|iPhone.ActiveCfg = Debug|Any CPU
		{7B8A1134-124A-47BE-AE1A-31AB94F70F98}.Debug|iPhone.Build.0 = Debug|Any CPU
		{7B8A1134-124A-47BE-AE1A-31AB94F70F98}.Debug|iPhone.Deploy.0 = Debug|Any CPU
		{7B8A1134-124A-47BE-AE1A-31AB94F70F98}.Debug|iPhoneSimulator.ActiveCfg = Debug|Any CPU
		{7B8A1134-124A-47BE-AE1A-31AB94F70F98}.Debug|iPhoneSimulator.Build.0 = Debug|Any CPU
		{7B8A1134-124A-47BE-AE1A-31AB94F70F98}.Debug|iPhoneSimulator.Deploy.0 = Debug|Any CPU
		{7B8A1134-124A-47BE-AE1A-31AB94F70F98}.Release|Any CPU.ActiveCfg = Release|Any CPU
		{7B8A1134-124A-47BE-AE1A-31AB94F70F98}.Release|Any CPU.Build.0 = Release|Any CPU
		{7B8A1134-124A-47BE-AE1A-31AB94F70F98}.Release|Any CPU.Deploy.0 = Release|Any CPU
		{7B8A1134-124A-47BE-AE1A-31AB94F70F98}.Release|iPhone.ActiveCfg = Release|Any CPU
		{7B8A1134-124A-47BE-AE1A-31AB94F70F98}.Release|iPhone.Build.0 = Release|Any CPU
		{7B8A1134-124A-47BE-AE1A-31AB94F70F98}.Release|iPhone.Deploy.0 = Release|Any CPU
		{7B8A1134-124A-47BE-AE1A-31AB94F70F98}.Release|iPhoneSimulator.ActiveCfg = Release|Any CPU
		{7B8A1134-124A-47BE-AE1A-31AB94F70F98}.Release|iPhoneSimulator.Build.0 = Release|Any CPU
		{7B8A1134-124A-47BE-AE1A-31AB94F70F98}.Release|iPhoneSimulator.Deploy.0 = Release|Any CPU
		{715A3D3A-1D5D-4D1E-9723-CEAB0469131E}.Ad-Hoc|Any CPU.ActiveCfg = Release|iPhoneSimulator
		{715A3D3A-1D5D-4D1E-9723-CEAB0469131E}.Ad-Hoc|Any CPU.Build.0 = Release|iPhoneSimulator
		{715A3D3A-1D5D-4D1E-9723-CEAB0469131E}.Ad-Hoc|iPhone.ActiveCfg = Release|iPhone
		{715A3D3A-1D5D-4D1E-9723-CEAB0469131E}.Ad-Hoc|iPhone.Build.0 = Release|iPhone
		{715A3D3A-1D5D-4D1E-9723-CEAB0469131E}.Ad-Hoc|iPhoneSimulator.ActiveCfg = Release|iPhoneSimulator
		{715A3D3A-1D5D-4D1E-9723-CEAB0469131E}.Ad-Hoc|iPhoneSimulator.Build.0 = Release|iPhoneSimulator
		{715A3D3A-1D5D-4D1E-9723-CEAB0469131E}.AppStore|Any CPU.ActiveCfg = Release|iPhoneSimulator
		{715A3D3A-1D5D-4D1E-9723-CEAB0469131E}.AppStore|Any CPU.Build.0 = Release|iPhoneSimulator
		{715A3D3A-1D5D-4D1E-9723-CEAB0469131E}.AppStore|iPhone.ActiveCfg = Release|iPhone
		{715A3D3A-1D5D-4D1E-9723-CEAB0469131E}.AppStore|iPhone.Build.0 = Release|iPhone
		{715A3D3A-1D5D-4D1E-9723-CEAB0469131E}.AppStore|iPhoneSimulator.ActiveCfg = Release|iPhoneSimulator
		{715A3D3A-1D5D-4D1E-9723-CEAB0469131E}.AppStore|iPhoneSimulator.Build.0 = Release|iPhoneSimulator
		{715A3D3A-1D5D-4D1E-9723-CEAB0469131E}.Debug|Any CPU.ActiveCfg = Debug|iPhone
		{715A3D3A-1D5D-4D1E-9723-CEAB0469131E}.Debug|iPhone.ActiveCfg = Debug|iPhone
		{715A3D3A-1D5D-4D1E-9723-CEAB0469131E}.Debug|iPhone.Build.0 = Debug|iPhone
		{715A3D3A-1D5D-4D1E-9723-CEAB0469131E}.Debug|iPhoneSimulator.ActiveCfg = Debug|iPhoneSimulator
		{715A3D3A-1D5D-4D1E-9723-CEAB0469131E}.Debug|iPhoneSimulator.Build.0 = Debug|iPhoneSimulator
		{715A3D3A-1D5D-4D1E-9723-CEAB0469131E}.Release|Any CPU.ActiveCfg = Release|iPhone
		{715A3D3A-1D5D-4D1E-9723-CEAB0469131E}.Release|iPhone.ActiveCfg = Release|iPhone
		{715A3D3A-1D5D-4D1E-9723-CEAB0469131E}.Release|iPhone.Build.0 = Release|iPhone
		{715A3D3A-1D5D-4D1E-9723-CEAB0469131E}.Release|iPhoneSimulator.ActiveCfg = Release|iPhoneSimulator
		{715A3D3A-1D5D-4D1E-9723-CEAB0469131E}.Release|iPhoneSimulator.Build.0 = Release|iPhoneSimulator
		{7B9F939B-499D-4CD7-9D02-B8D3EB458B2A}.Ad-Hoc|Any CPU.ActiveCfg = Release|Any CPU
		{7B9F939B-499D-4CD7-9D02-B8D3EB458B2A}.Ad-Hoc|Any CPU.Build.0 = Release|Any CPU
		{7B9F939B-499D-4CD7-9D02-B8D3EB458B2A}.Ad-Hoc|iPhone.ActiveCfg = Release|Any CPU
		{7B9F939B-499D-4CD7-9D02-B8D3EB458B2A}.Ad-Hoc|iPhone.Build.0 = Release|Any CPU
		{7B9F939B-499D-4CD7-9D02-B8D3EB458B2A}.Ad-Hoc|iPhoneSimulator.ActiveCfg = Release|Any CPU
		{7B9F939B-499D-4CD7-9D02-B8D3EB458B2A}.Ad-Hoc|iPhoneSimulator.Build.0 = Release|Any CPU
		{7B9F939B-499D-4CD7-9D02-B8D3EB458B2A}.AppStore|Any CPU.ActiveCfg = Release|Any CPU
		{7B9F939B-499D-4CD7-9D02-B8D3EB458B2A}.AppStore|Any CPU.Build.0 = Release|Any CPU
		{7B9F939B-499D-4CD7-9D02-B8D3EB458B2A}.AppStore|iPhone.ActiveCfg = Release|Any CPU
		{7B9F939B-499D-4CD7-9D02-B8D3EB458B2A}.AppStore|iPhone.Build.0 = Release|Any CPU
		{7B9F939B-499D-4CD7-9D02-B8D3EB458B2A}.AppStore|iPhoneSimulator.ActiveCfg = Release|Any CPU
		{7B9F939B-499D-4CD7-9D02-B8D3EB458B2A}.AppStore|iPhoneSimulator.Build.0 = Release|Any CPU
		{7B9F939B-499D-4CD7-9D02-B8D3EB458B2A}.Debug|Any CPU.ActiveCfg = Debug|Any CPU
		{7B9F939B-499D-4CD7-9D02-B8D3EB458B2A}.Debug|Any CPU.Build.0 = Debug|Any CPU
		{7B9F939B-499D-4CD7-9D02-B8D3EB458B2A}.Debug|iPhone.ActiveCfg = Debug|Any CPU
		{7B9F939B-499D-4CD7-9D02-B8D3EB458B2A}.Debug|iPhone.Build.0 = Debug|Any CPU
		{7B9F939B-499D-4CD7-9D02-B8D3EB458B2A}.Debug|iPhoneSimulator.ActiveCfg = Debug|Any CPU
		{7B9F939B-499D-4CD7-9D02-B8D3EB458B2A}.Debug|iPhoneSimulator.Build.0 = Debug|Any CPU
		{7B9F939B-499D-4CD7-9D02-B8D3EB458B2A}.Release|Any CPU.ActiveCfg = Release|Any CPU
		{7B9F939B-499D-4CD7-9D02-B8D3EB458B2A}.Release|Any CPU.Build.0 = Release|Any CPU
		{7B9F939B-499D-4CD7-9D02-B8D3EB458B2A}.Release|iPhone.ActiveCfg = Release|Any CPU
		{7B9F939B-499D-4CD7-9D02-B8D3EB458B2A}.Release|iPhone.Build.0 = Release|Any CPU
		{7B9F939B-499D-4CD7-9D02-B8D3EB458B2A}.Release|iPhoneSimulator.ActiveCfg = Release|Any CPU
		{7B9F939B-499D-4CD7-9D02-B8D3EB458B2A}.Release|iPhoneSimulator.Build.0 = Release|Any CPU
		{E1A20C1D-8FD8-4DB0-925C-0767439DEDC6}.Ad-Hoc|Any CPU.ActiveCfg = Release|iPhoneSimulator
		{E1A20C1D-8FD8-4DB0-925C-0767439DEDC6}.Ad-Hoc|Any CPU.Build.0 = Release|iPhoneSimulator
		{E1A20C1D-8FD8-4DB0-925C-0767439DEDC6}.Ad-Hoc|iPhone.ActiveCfg = Release|iPhone
		{E1A20C1D-8FD8-4DB0-925C-0767439DEDC6}.Ad-Hoc|iPhone.Build.0 = Release|iPhone
		{E1A20C1D-8FD8-4DB0-925C-0767439DEDC6}.Ad-Hoc|iPhoneSimulator.ActiveCfg = Release|iPhoneSimulator
		{E1A20C1D-8FD8-4DB0-925C-0767439DEDC6}.Ad-Hoc|iPhoneSimulator.Build.0 = Release|iPhoneSimulator
		{E1A20C1D-8FD8-4DB0-925C-0767439DEDC6}.AppStore|Any CPU.ActiveCfg = Release|iPhoneSimulator
		{E1A20C1D-8FD8-4DB0-925C-0767439DEDC6}.AppStore|Any CPU.Build.0 = Release|iPhoneSimulator
		{E1A20C1D-8FD8-4DB0-925C-0767439DEDC6}.AppStore|iPhone.ActiveCfg = Release|iPhone
		{E1A20C1D-8FD8-4DB0-925C-0767439DEDC6}.AppStore|iPhone.Build.0 = Release|iPhone
		{E1A20C1D-8FD8-4DB0-925C-0767439DEDC6}.AppStore|iPhoneSimulator.ActiveCfg = Release|iPhoneSimulator
		{E1A20C1D-8FD8-4DB0-925C-0767439DEDC6}.AppStore|iPhoneSimulator.Build.0 = Release|iPhoneSimulator
		{E1A20C1D-8FD8-4DB0-925C-0767439DEDC6}.Debug|Any CPU.ActiveCfg = Debug|iPhone
		{E1A20C1D-8FD8-4DB0-925C-0767439DEDC6}.Debug|iPhone.ActiveCfg = Debug|iPhone
		{E1A20C1D-8FD8-4DB0-925C-0767439DEDC6}.Debug|iPhone.Build.0 = Debug|iPhone
		{E1A20C1D-8FD8-4DB0-925C-0767439DEDC6}.Debug|iPhoneSimulator.ActiveCfg = Debug|iPhoneSimulator
		{E1A20C1D-8FD8-4DB0-925C-0767439DEDC6}.Debug|iPhoneSimulator.Build.0 = Debug|iPhoneSimulator
		{E1A20C1D-8FD8-4DB0-925C-0767439DEDC6}.Release|Any CPU.ActiveCfg = Release|iPhone
		{E1A20C1D-8FD8-4DB0-925C-0767439DEDC6}.Release|iPhone.ActiveCfg = Release|iPhone
		{E1A20C1D-8FD8-4DB0-925C-0767439DEDC6}.Release|iPhone.Build.0 = Release|iPhone
		{E1A20C1D-8FD8-4DB0-925C-0767439DEDC6}.Release|iPhoneSimulator.ActiveCfg = Release|iPhoneSimulator
		{E1A20C1D-8FD8-4DB0-925C-0767439DEDC6}.Release|iPhoneSimulator.Build.0 = Release|iPhoneSimulator
		{C4420B52-5ABF-4F7A-85AF-2155F3DC9BB5}.Ad-Hoc|Any CPU.ActiveCfg = Release|Any CPU
		{C4420B52-5ABF-4F7A-85AF-2155F3DC9BB5}.Ad-Hoc|Any CPU.Build.0 = Release|Any CPU
		{C4420B52-5ABF-4F7A-85AF-2155F3DC9BB5}.Ad-Hoc|iPhone.ActiveCfg = Release|Any CPU
		{C4420B52-5ABF-4F7A-85AF-2155F3DC9BB5}.Ad-Hoc|iPhone.Build.0 = Release|Any CPU
		{C4420B52-5ABF-4F7A-85AF-2155F3DC9BB5}.Ad-Hoc|iPhoneSimulator.ActiveCfg = Release|Any CPU
		{C4420B52-5ABF-4F7A-85AF-2155F3DC9BB5}.Ad-Hoc|iPhoneSimulator.Build.0 = Release|Any CPU
		{C4420B52-5ABF-4F7A-85AF-2155F3DC9BB5}.AppStore|Any CPU.ActiveCfg = Release|Any CPU
		{C4420B52-5ABF-4F7A-85AF-2155F3DC9BB5}.AppStore|Any CPU.Build.0 = Release|Any CPU
		{C4420B52-5ABF-4F7A-85AF-2155F3DC9BB5}.AppStore|iPhone.ActiveCfg = Release|Any CPU
		{C4420B52-5ABF-4F7A-85AF-2155F3DC9BB5}.AppStore|iPhone.Build.0 = Release|Any CPU
		{C4420B52-5ABF-4F7A-85AF-2155F3DC9BB5}.AppStore|iPhoneSimulator.ActiveCfg = Release|Any CPU
		{C4420B52-5ABF-4F7A-85AF-2155F3DC9BB5}.AppStore|iPhoneSimulator.Build.0 = Release|Any CPU
		{C4420B52-5ABF-4F7A-85AF-2155F3DC9BB5}.Debug|Any CPU.ActiveCfg = Debug|Any CPU
		{C4420B52-5ABF-4F7A-85AF-2155F3DC9BB5}.Debug|Any CPU.Build.0 = Debug|Any CPU
		{C4420B52-5ABF-4F7A-85AF-2155F3DC9BB5}.Debug|iPhone.ActiveCfg = Debug|Any CPU
		{C4420B52-5ABF-4F7A-85AF-2155F3DC9BB5}.Debug|iPhone.Build.0 = Debug|Any CPU
		{C4420B52-5ABF-4F7A-85AF-2155F3DC9BB5}.Debug|iPhoneSimulator.ActiveCfg = Debug|Any CPU
		{C4420B52-5ABF-4F7A-85AF-2155F3DC9BB5}.Debug|iPhoneSimulator.Build.0 = Debug|Any CPU
		{C4420B52-5ABF-4F7A-85AF-2155F3DC9BB5}.Release|Any CPU.ActiveCfg = Release|Any CPU
		{C4420B52-5ABF-4F7A-85AF-2155F3DC9BB5}.Release|Any CPU.Build.0 = Release|Any CPU
		{C4420B52-5ABF-4F7A-85AF-2155F3DC9BB5}.Release|iPhone.ActiveCfg = Release|Any CPU
		{C4420B52-5ABF-4F7A-85AF-2155F3DC9BB5}.Release|iPhone.Build.0 = Release|Any CPU
		{C4420B52-5ABF-4F7A-85AF-2155F3DC9BB5}.Release|iPhoneSimulator.ActiveCfg = Release|Any CPU
		{C4420B52-5ABF-4F7A-85AF-2155F3DC9BB5}.Release|iPhoneSimulator.Build.0 = Release|Any CPU
		{769F76AD-48C5-4D3A-83AC-52BFABF0E54E}.Ad-Hoc|Any CPU.ActiveCfg = Release|Any CPU
		{769F76AD-48C5-4D3A-83AC-52BFABF0E54E}.Ad-Hoc|Any CPU.Build.0 = Release|Any CPU
		{769F76AD-48C5-4D3A-83AC-52BFABF0E54E}.Ad-Hoc|Any CPU.Deploy.0 = Release|Any CPU
		{769F76AD-48C5-4D3A-83AC-52BFABF0E54E}.Ad-Hoc|iPhone.ActiveCfg = Release|Any CPU
		{769F76AD-48C5-4D3A-83AC-52BFABF0E54E}.Ad-Hoc|iPhone.Build.0 = Release|Any CPU
		{769F76AD-48C5-4D3A-83AC-52BFABF0E54E}.Ad-Hoc|iPhone.Deploy.0 = Release|Any CPU
		{769F76AD-48C5-4D3A-83AC-52BFABF0E54E}.Ad-Hoc|iPhoneSimulator.ActiveCfg = Release|Any CPU
		{769F76AD-48C5-4D3A-83AC-52BFABF0E54E}.Ad-Hoc|iPhoneSimulator.Build.0 = Release|Any CPU
		{769F76AD-48C5-4D3A-83AC-52BFABF0E54E}.Ad-Hoc|iPhoneSimulator.Deploy.0 = Release|Any CPU
		{769F76AD-48C5-4D3A-83AC-52BFABF0E54E}.AppStore|Any CPU.ActiveCfg = Release|Any CPU
		{769F76AD-48C5-4D3A-83AC-52BFABF0E54E}.AppStore|Any CPU.Build.0 = Release|Any CPU
		{769F76AD-48C5-4D3A-83AC-52BFABF0E54E}.AppStore|Any CPU.Deploy.0 = Release|Any CPU
		{769F76AD-48C5-4D3A-83AC-52BFABF0E54E}.AppStore|iPhone.ActiveCfg = Release|Any CPU
		{769F76AD-48C5-4D3A-83AC-52BFABF0E54E}.AppStore|iPhone.Build.0 = Release|Any CPU
		{769F76AD-48C5-4D3A-83AC-52BFABF0E54E}.AppStore|iPhone.Deploy.0 = Release|Any CPU
		{769F76AD-48C5-4D3A-83AC-52BFABF0E54E}.AppStore|iPhoneSimulator.ActiveCfg = Release|Any CPU
		{769F76AD-48C5-4D3A-83AC-52BFABF0E54E}.AppStore|iPhoneSimulator.Build.0 = Release|Any CPU
		{769F76AD-48C5-4D3A-83AC-52BFABF0E54E}.AppStore|iPhoneSimulator.Deploy.0 = Release|Any CPU
		{769F76AD-48C5-4D3A-83AC-52BFABF0E54E}.Debug|Any CPU.ActiveCfg = Debug|Any CPU
		{769F76AD-48C5-4D3A-83AC-52BFABF0E54E}.Debug|Any CPU.Build.0 = Debug|Any CPU
		{769F76AD-48C5-4D3A-83AC-52BFABF0E54E}.Debug|Any CPU.Deploy.0 = Debug|Any CPU
		{769F76AD-48C5-4D3A-83AC-52BFABF0E54E}.Debug|iPhone.ActiveCfg = Debug|Any CPU
		{769F76AD-48C5-4D3A-83AC-52BFABF0E54E}.Debug|iPhone.Build.0 = Debug|Any CPU
		{769F76AD-48C5-4D3A-83AC-52BFABF0E54E}.Debug|iPhone.Deploy.0 = Debug|Any CPU
		{769F76AD-48C5-4D3A-83AC-52BFABF0E54E}.Debug|iPhoneSimulator.ActiveCfg = Debug|Any CPU
		{769F76AD-48C5-4D3A-83AC-52BFABF0E54E}.Debug|iPhoneSimulator.Build.0 = Debug|Any CPU
		{769F76AD-48C5-4D3A-83AC-52BFABF0E54E}.Debug|iPhoneSimulator.Deploy.0 = Debug|Any CPU
		{769F76AD-48C5-4D3A-83AC-52BFABF0E54E}.Release|Any CPU.ActiveCfg = Release|Any CPU
		{769F76AD-48C5-4D3A-83AC-52BFABF0E54E}.Release|Any CPU.Build.0 = Release|Any CPU
		{769F76AD-48C5-4D3A-83AC-52BFABF0E54E}.Release|Any CPU.Deploy.0 = Release|Any CPU
		{769F76AD-48C5-4D3A-83AC-52BFABF0E54E}.Release|iPhone.ActiveCfg = Release|Any CPU
		{769F76AD-48C5-4D3A-83AC-52BFABF0E54E}.Release|iPhone.Build.0 = Release|Any CPU
		{769F76AD-48C5-4D3A-83AC-52BFABF0E54E}.Release|iPhone.Deploy.0 = Release|Any CPU
		{769F76AD-48C5-4D3A-83AC-52BFABF0E54E}.Release|iPhoneSimulator.ActiveCfg = Release|Any CPU
		{769F76AD-48C5-4D3A-83AC-52BFABF0E54E}.Release|iPhoneSimulator.Build.0 = Release|Any CPU
		{769F76AD-48C5-4D3A-83AC-52BFABF0E54E}.Release|iPhoneSimulator.Deploy.0 = Release|Any CPU
		{310031AB-F281-4954-AACB-670A19DB4FCB}.Ad-Hoc|Any CPU.ActiveCfg = Release|iPhoneSimulator
		{310031AB-F281-4954-AACB-670A19DB4FCB}.Ad-Hoc|Any CPU.Build.0 = Release|iPhoneSimulator
		{310031AB-F281-4954-AACB-670A19DB4FCB}.Ad-Hoc|iPhone.ActiveCfg = Release|iPhone
		{310031AB-F281-4954-AACB-670A19DB4FCB}.Ad-Hoc|iPhone.Build.0 = Release|iPhone
		{310031AB-F281-4954-AACB-670A19DB4FCB}.Ad-Hoc|iPhoneSimulator.ActiveCfg = Release|iPhoneSimulator
		{310031AB-F281-4954-AACB-670A19DB4FCB}.Ad-Hoc|iPhoneSimulator.Build.0 = Release|iPhoneSimulator
		{310031AB-F281-4954-AACB-670A19DB4FCB}.AppStore|Any CPU.ActiveCfg = Release|iPhoneSimulator
		{310031AB-F281-4954-AACB-670A19DB4FCB}.AppStore|Any CPU.Build.0 = Release|iPhoneSimulator
		{310031AB-F281-4954-AACB-670A19DB4FCB}.AppStore|iPhone.ActiveCfg = Release|iPhone
		{310031AB-F281-4954-AACB-670A19DB4FCB}.AppStore|iPhone.Build.0 = Release|iPhone
		{310031AB-F281-4954-AACB-670A19DB4FCB}.AppStore|iPhoneSimulator.ActiveCfg = Release|iPhoneSimulator
		{310031AB-F281-4954-AACB-670A19DB4FCB}.AppStore|iPhoneSimulator.Build.0 = Release|iPhoneSimulator
		{310031AB-F281-4954-AACB-670A19DB4FCB}.Debug|Any CPU.ActiveCfg = Debug|iPhone
		{310031AB-F281-4954-AACB-670A19DB4FCB}.Debug|iPhone.ActiveCfg = Debug|iPhone
		{310031AB-F281-4954-AACB-670A19DB4FCB}.Debug|iPhone.Build.0 = Debug|iPhone
		{310031AB-F281-4954-AACB-670A19DB4FCB}.Debug|iPhoneSimulator.ActiveCfg = Debug|iPhoneSimulator
		{310031AB-F281-4954-AACB-670A19DB4FCB}.Debug|iPhoneSimulator.Build.0 = Debug|iPhoneSimulator
		{310031AB-F281-4954-AACB-670A19DB4FCB}.Release|Any CPU.ActiveCfg = Release|iPhone
		{310031AB-F281-4954-AACB-670A19DB4FCB}.Release|iPhone.ActiveCfg = Release|iPhone
		{310031AB-F281-4954-AACB-670A19DB4FCB}.Release|iPhone.Build.0 = Release|iPhone
		{310031AB-F281-4954-AACB-670A19DB4FCB}.Release|iPhoneSimulator.ActiveCfg = Release|iPhoneSimulator
		{310031AB-F281-4954-AACB-670A19DB4FCB}.Release|iPhoneSimulator.Build.0 = Release|iPhoneSimulator
		{FE5F0C94-9C6D-402A-8004-63C8404CC84C}.Ad-Hoc|Any CPU.ActiveCfg = Release|Any CPU
		{FE5F0C94-9C6D-402A-8004-63C8404CC84C}.Ad-Hoc|Any CPU.Build.0 = Release|Any CPU
		{FE5F0C94-9C6D-402A-8004-63C8404CC84C}.Ad-Hoc|iPhone.ActiveCfg = Release|Any CPU
		{FE5F0C94-9C6D-402A-8004-63C8404CC84C}.Ad-Hoc|iPhone.Build.0 = Release|Any CPU
		{FE5F0C94-9C6D-402A-8004-63C8404CC84C}.Ad-Hoc|iPhoneSimulator.ActiveCfg = Release|Any CPU
		{FE5F0C94-9C6D-402A-8004-63C8404CC84C}.Ad-Hoc|iPhoneSimulator.Build.0 = Release|Any CPU
		{FE5F0C94-9C6D-402A-8004-63C8404CC84C}.AppStore|Any CPU.ActiveCfg = Release|Any CPU
		{FE5F0C94-9C6D-402A-8004-63C8404CC84C}.AppStore|Any CPU.Build.0 = Release|Any CPU
		{FE5F0C94-9C6D-402A-8004-63C8404CC84C}.AppStore|iPhone.ActiveCfg = Release|Any CPU
		{FE5F0C94-9C6D-402A-8004-63C8404CC84C}.AppStore|iPhone.Build.0 = Release|Any CPU
		{FE5F0C94-9C6D-402A-8004-63C8404CC84C}.AppStore|iPhoneSimulator.ActiveCfg = Release|Any CPU
		{FE5F0C94-9C6D-402A-8004-63C8404CC84C}.AppStore|iPhoneSimulator.Build.0 = Release|Any CPU
		{FE5F0C94-9C6D-402A-8004-63C8404CC84C}.Debug|Any CPU.ActiveCfg = Debug|Any CPU
		{FE5F0C94-9C6D-402A-8004-63C8404CC84C}.Debug|Any CPU.Build.0 = Debug|Any CPU
		{FE5F0C94-9C6D-402A-8004-63C8404CC84C}.Debug|iPhone.ActiveCfg = Debug|Any CPU
		{FE5F0C94-9C6D-402A-8004-63C8404CC84C}.Debug|iPhone.Build.0 = Debug|Any CPU
		{FE5F0C94-9C6D-402A-8004-63C8404CC84C}.Debug|iPhoneSimulator.ActiveCfg = Debug|Any CPU
		{FE5F0C94-9C6D-402A-8004-63C8404CC84C}.Debug|iPhoneSimulator.Build.0 = Debug|Any CPU
		{FE5F0C94-9C6D-402A-8004-63C8404CC84C}.Release|Any CPU.ActiveCfg = Release|Any CPU
		{FE5F0C94-9C6D-402A-8004-63C8404CC84C}.Release|Any CPU.Build.0 = Release|Any CPU
		{FE5F0C94-9C6D-402A-8004-63C8404CC84C}.Release|iPhone.ActiveCfg = Release|Any CPU
		{FE5F0C94-9C6D-402A-8004-63C8404CC84C}.Release|iPhone.Build.0 = Release|Any CPU
		{FE5F0C94-9C6D-402A-8004-63C8404CC84C}.Release|iPhoneSimulator.ActiveCfg = Release|Any CPU
		{FE5F0C94-9C6D-402A-8004-63C8404CC84C}.Release|iPhoneSimulator.Build.0 = Release|Any CPU
		{57CA013F-507D-48F9-8921-D7870C600572}.Ad-Hoc|Any CPU.ActiveCfg = Release|Any CPU
		{57CA013F-507D-48F9-8921-D7870C600572}.Ad-Hoc|Any CPU.Build.0 = Release|Any CPU
		{57CA013F-507D-48F9-8921-D7870C600572}.Ad-Hoc|Any CPU.Deploy.0 = Release|Any CPU
		{57CA013F-507D-48F9-8921-D7870C600572}.Ad-Hoc|iPhone.ActiveCfg = Release|Any CPU
		{57CA013F-507D-48F9-8921-D7870C600572}.Ad-Hoc|iPhone.Build.0 = Release|Any CPU
		{57CA013F-507D-48F9-8921-D7870C600572}.Ad-Hoc|iPhone.Deploy.0 = Release|Any CPU
		{57CA013F-507D-48F9-8921-D7870C600572}.Ad-Hoc|iPhoneSimulator.ActiveCfg = Release|Any CPU
		{57CA013F-507D-48F9-8921-D7870C600572}.Ad-Hoc|iPhoneSimulator.Build.0 = Release|Any CPU
		{57CA013F-507D-48F9-8921-D7870C600572}.Ad-Hoc|iPhoneSimulator.Deploy.0 = Release|Any CPU
		{57CA013F-507D-48F9-8921-D7870C600572}.AppStore|Any CPU.ActiveCfg = Release|Any CPU
		{57CA013F-507D-48F9-8921-D7870C600572}.AppStore|Any CPU.Build.0 = Release|Any CPU
		{57CA013F-507D-48F9-8921-D7870C600572}.AppStore|Any CPU.Deploy.0 = Release|Any CPU
		{57CA013F-507D-48F9-8921-D7870C600572}.AppStore|iPhone.ActiveCfg = Release|Any CPU
		{57CA013F-507D-48F9-8921-D7870C600572}.AppStore|iPhone.Build.0 = Release|Any CPU
		{57CA013F-507D-48F9-8921-D7870C600572}.AppStore|iPhone.Deploy.0 = Release|Any CPU
		{57CA013F-507D-48F9-8921-D7870C600572}.AppStore|iPhoneSimulator.ActiveCfg = Release|Any CPU
		{57CA013F-507D-48F9-8921-D7870C600572}.AppStore|iPhoneSimulator.Build.0 = Release|Any CPU
		{57CA013F-507D-48F9-8921-D7870C600572}.AppStore|iPhoneSimulator.Deploy.0 = Release|Any CPU
		{57CA013F-507D-48F9-8921-D7870C600572}.Debug|Any CPU.ActiveCfg = Debug|Any CPU
		{57CA013F-507D-48F9-8921-D7870C600572}.Debug|Any CPU.Build.0 = Debug|Any CPU
		{57CA013F-507D-48F9-8921-D7870C600572}.Debug|Any CPU.Deploy.0 = Debug|Any CPU
		{57CA013F-507D-48F9-8921-D7870C600572}.Debug|iPhone.ActiveCfg = Debug|Any CPU
		{57CA013F-507D-48F9-8921-D7870C600572}.Debug|iPhone.Build.0 = Debug|Any CPU
		{57CA013F-507D-48F9-8921-D7870C600572}.Debug|iPhone.Deploy.0 = Debug|Any CPU
		{57CA013F-507D-48F9-8921-D7870C600572}.Debug|iPhoneSimulator.ActiveCfg = Debug|Any CPU
		{57CA013F-507D-48F9-8921-D7870C600572}.Debug|iPhoneSimulator.Build.0 = Debug|Any CPU
		{57CA013F-507D-48F9-8921-D7870C600572}.Debug|iPhoneSimulator.Deploy.0 = Debug|Any CPU
		{57CA013F-507D-48F9-8921-D7870C600572}.Release|Any CPU.ActiveCfg = Release|Any CPU
		{57CA013F-507D-48F9-8921-D7870C600572}.Release|Any CPU.Build.0 = Release|Any CPU
		{57CA013F-507D-48F9-8921-D7870C600572}.Release|Any CPU.Deploy.0 = Release|Any CPU
		{57CA013F-507D-48F9-8921-D7870C600572}.Release|iPhone.ActiveCfg = Release|Any CPU
		{57CA013F-507D-48F9-8921-D7870C600572}.Release|iPhone.Build.0 = Release|Any CPU
		{57CA013F-507D-48F9-8921-D7870C600572}.Release|iPhone.Deploy.0 = Release|Any CPU
		{57CA013F-507D-48F9-8921-D7870C600572}.Release|iPhoneSimulator.ActiveCfg = Release|Any CPU
		{57CA013F-507D-48F9-8921-D7870C600572}.Release|iPhoneSimulator.Build.0 = Release|Any CPU
		{57CA013F-507D-48F9-8921-D7870C600572}.Release|iPhoneSimulator.Deploy.0 = Release|Any CPU
		{408F4CC6-CDE2-4015-AC63-F80168CFDE24}.Ad-Hoc|Any CPU.ActiveCfg = Release|iPhoneSimulator
		{408F4CC6-CDE2-4015-AC63-F80168CFDE24}.Ad-Hoc|Any CPU.Build.0 = Release|iPhoneSimulator
		{408F4CC6-CDE2-4015-AC63-F80168CFDE24}.Ad-Hoc|iPhone.ActiveCfg = Release|iPhone
		{408F4CC6-CDE2-4015-AC63-F80168CFDE24}.Ad-Hoc|iPhone.Build.0 = Release|iPhone
		{408F4CC6-CDE2-4015-AC63-F80168CFDE24}.Ad-Hoc|iPhoneSimulator.ActiveCfg = Release|iPhoneSimulator
		{408F4CC6-CDE2-4015-AC63-F80168CFDE24}.Ad-Hoc|iPhoneSimulator.Build.0 = Release|iPhoneSimulator
		{408F4CC6-CDE2-4015-AC63-F80168CFDE24}.AppStore|Any CPU.ActiveCfg = Release|iPhoneSimulator
		{408F4CC6-CDE2-4015-AC63-F80168CFDE24}.AppStore|Any CPU.Build.0 = Release|iPhoneSimulator
		{408F4CC6-CDE2-4015-AC63-F80168CFDE24}.AppStore|iPhone.ActiveCfg = Release|iPhone
		{408F4CC6-CDE2-4015-AC63-F80168CFDE24}.AppStore|iPhone.Build.0 = Release|iPhone
		{408F4CC6-CDE2-4015-AC63-F80168CFDE24}.AppStore|iPhoneSimulator.ActiveCfg = Release|iPhoneSimulator
		{408F4CC6-CDE2-4015-AC63-F80168CFDE24}.AppStore|iPhoneSimulator.Build.0 = Release|iPhoneSimulator
		{408F4CC6-CDE2-4015-AC63-F80168CFDE24}.Debug|Any CPU.ActiveCfg = Debug|iPhone
		{408F4CC6-CDE2-4015-AC63-F80168CFDE24}.Debug|iPhone.ActiveCfg = Debug|iPhone
		{408F4CC6-CDE2-4015-AC63-F80168CFDE24}.Debug|iPhone.Build.0 = Debug|iPhone
		{408F4CC6-CDE2-4015-AC63-F80168CFDE24}.Debug|iPhoneSimulator.ActiveCfg = Debug|iPhoneSimulator
		{408F4CC6-CDE2-4015-AC63-F80168CFDE24}.Debug|iPhoneSimulator.Build.0 = Debug|iPhoneSimulator
		{408F4CC6-CDE2-4015-AC63-F80168CFDE24}.Release|Any CPU.ActiveCfg = Release|iPhone
		{408F4CC6-CDE2-4015-AC63-F80168CFDE24}.Release|iPhone.ActiveCfg = Release|iPhone
		{408F4CC6-CDE2-4015-AC63-F80168CFDE24}.Release|iPhone.Build.0 = Release|iPhone
		{408F4CC6-CDE2-4015-AC63-F80168CFDE24}.Release|iPhoneSimulator.ActiveCfg = Release|iPhoneSimulator
		{408F4CC6-CDE2-4015-AC63-F80168CFDE24}.Release|iPhoneSimulator.Build.0 = Release|iPhoneSimulator
		{4C2FB941-13F7-497C-9770-6575F9B80778}.Ad-Hoc|Any CPU.ActiveCfg = Release|Any CPU
		{4C2FB941-13F7-497C-9770-6575F9B80778}.Ad-Hoc|Any CPU.Build.0 = Release|Any CPU
		{4C2FB941-13F7-497C-9770-6575F9B80778}.Ad-Hoc|Any CPU.Deploy.0 = Release|Any CPU
		{4C2FB941-13F7-497C-9770-6575F9B80778}.Ad-Hoc|iPhone.ActiveCfg = Release|Any CPU
		{4C2FB941-13F7-497C-9770-6575F9B80778}.Ad-Hoc|iPhone.Build.0 = Release|Any CPU
		{4C2FB941-13F7-497C-9770-6575F9B80778}.Ad-Hoc|iPhone.Deploy.0 = Release|Any CPU
		{4C2FB941-13F7-497C-9770-6575F9B80778}.Ad-Hoc|iPhoneSimulator.ActiveCfg = Release|Any CPU
		{4C2FB941-13F7-497C-9770-6575F9B80778}.Ad-Hoc|iPhoneSimulator.Build.0 = Release|Any CPU
		{4C2FB941-13F7-497C-9770-6575F9B80778}.Ad-Hoc|iPhoneSimulator.Deploy.0 = Release|Any CPU
		{4C2FB941-13F7-497C-9770-6575F9B80778}.AppStore|Any CPU.ActiveCfg = Release|Any CPU
		{4C2FB941-13F7-497C-9770-6575F9B80778}.AppStore|Any CPU.Build.0 = Release|Any CPU
		{4C2FB941-13F7-497C-9770-6575F9B80778}.AppStore|Any CPU.Deploy.0 = Release|Any CPU
		{4C2FB941-13F7-497C-9770-6575F9B80778}.AppStore|iPhone.ActiveCfg = Release|Any CPU
		{4C2FB941-13F7-497C-9770-6575F9B80778}.AppStore|iPhone.Build.0 = Release|Any CPU
		{4C2FB941-13F7-497C-9770-6575F9B80778}.AppStore|iPhone.Deploy.0 = Release|Any CPU
		{4C2FB941-13F7-497C-9770-6575F9B80778}.AppStore|iPhoneSimulator.ActiveCfg = Release|Any CPU
		{4C2FB941-13F7-497C-9770-6575F9B80778}.AppStore|iPhoneSimulator.Build.0 = Release|Any CPU
		{4C2FB941-13F7-497C-9770-6575F9B80778}.AppStore|iPhoneSimulator.Deploy.0 = Release|Any CPU
		{4C2FB941-13F7-497C-9770-6575F9B80778}.Debug|Any CPU.ActiveCfg = Debug|Any CPU
		{4C2FB941-13F7-497C-9770-6575F9B80778}.Debug|Any CPU.Build.0 = Debug|Any CPU
		{4C2FB941-13F7-497C-9770-6575F9B80778}.Debug|Any CPU.Deploy.0 = Debug|Any CPU
		{4C2FB941-13F7-497C-9770-6575F9B80778}.Debug|iPhone.ActiveCfg = Debug|Any CPU
		{4C2FB941-13F7-497C-9770-6575F9B80778}.Debug|iPhone.Build.0 = Debug|Any CPU
		{4C2FB941-13F7-497C-9770-6575F9B80778}.Debug|iPhone.Deploy.0 = Debug|Any CPU
		{4C2FB941-13F7-497C-9770-6575F9B80778}.Debug|iPhoneSimulator.ActiveCfg = Debug|Any CPU
		{4C2FB941-13F7-497C-9770-6575F9B80778}.Debug|iPhoneSimulator.Build.0 = Debug|Any CPU
		{4C2FB941-13F7-497C-9770-6575F9B80778}.Debug|iPhoneSimulator.Deploy.0 = Debug|Any CPU
		{4C2FB941-13F7-497C-9770-6575F9B80778}.Release|Any CPU.ActiveCfg = Release|Any CPU
		{4C2FB941-13F7-497C-9770-6575F9B80778}.Release|Any CPU.Build.0 = Release|Any CPU
		{4C2FB941-13F7-497C-9770-6575F9B80778}.Release|Any CPU.Deploy.0 = Release|Any CPU
		{4C2FB941-13F7-497C-9770-6575F9B80778}.Release|iPhone.ActiveCfg = Release|Any CPU
		{4C2FB941-13F7-497C-9770-6575F9B80778}.Release|iPhone.Build.0 = Release|Any CPU
		{4C2FB941-13F7-497C-9770-6575F9B80778}.Release|iPhone.Deploy.0 = Release|Any CPU
		{4C2FB941-13F7-497C-9770-6575F9B80778}.Release|iPhoneSimulator.ActiveCfg = Release|Any CPU
		{4C2FB941-13F7-497C-9770-6575F9B80778}.Release|iPhoneSimulator.Build.0 = Release|Any CPU
		{4C2FB941-13F7-497C-9770-6575F9B80778}.Release|iPhoneSimulator.Deploy.0 = Release|Any CPU
		{69554039-CA03-4072-8FE0-8584AF66AC37}.Ad-Hoc|Any CPU.ActiveCfg = Release|iPhoneSimulator
		{69554039-CA03-4072-8FE0-8584AF66AC37}.Ad-Hoc|Any CPU.Build.0 = Release|iPhoneSimulator
		{69554039-CA03-4072-8FE0-8584AF66AC37}.Ad-Hoc|iPhone.ActiveCfg = Release|iPhone
		{69554039-CA03-4072-8FE0-8584AF66AC37}.Ad-Hoc|iPhone.Build.0 = Release|iPhone
		{69554039-CA03-4072-8FE0-8584AF66AC37}.Ad-Hoc|iPhoneSimulator.ActiveCfg = Release|iPhoneSimulator
		{69554039-CA03-4072-8FE0-8584AF66AC37}.Ad-Hoc|iPhoneSimulator.Build.0 = Release|iPhoneSimulator
		{69554039-CA03-4072-8FE0-8584AF66AC37}.AppStore|Any CPU.ActiveCfg = Release|iPhoneSimulator
		{69554039-CA03-4072-8FE0-8584AF66AC37}.AppStore|Any CPU.Build.0 = Release|iPhoneSimulator
		{69554039-CA03-4072-8FE0-8584AF66AC37}.AppStore|iPhone.ActiveCfg = Release|iPhone
		{69554039-CA03-4072-8FE0-8584AF66AC37}.AppStore|iPhone.Build.0 = Release|iPhone
		{69554039-CA03-4072-8FE0-8584AF66AC37}.AppStore|iPhoneSimulator.ActiveCfg = Release|iPhoneSimulator
		{69554039-CA03-4072-8FE0-8584AF66AC37}.AppStore|iPhoneSimulator.Build.0 = Release|iPhoneSimulator
		{69554039-CA03-4072-8FE0-8584AF66AC37}.Debug|Any CPU.ActiveCfg = Debug|iPhone
		{69554039-CA03-4072-8FE0-8584AF66AC37}.Debug|iPhone.ActiveCfg = Debug|iPhone
		{69554039-CA03-4072-8FE0-8584AF66AC37}.Debug|iPhone.Build.0 = Debug|iPhone
		{69554039-CA03-4072-8FE0-8584AF66AC37}.Debug|iPhoneSimulator.ActiveCfg = Debug|iPhoneSimulator
		{69554039-CA03-4072-8FE0-8584AF66AC37}.Debug|iPhoneSimulator.Build.0 = Debug|iPhoneSimulator
		{69554039-CA03-4072-8FE0-8584AF66AC37}.Release|Any CPU.ActiveCfg = Release|iPhone
		{69554039-CA03-4072-8FE0-8584AF66AC37}.Release|iPhone.ActiveCfg = Release|iPhone
		{69554039-CA03-4072-8FE0-8584AF66AC37}.Release|iPhone.Build.0 = Release|iPhone
		{69554039-CA03-4072-8FE0-8584AF66AC37}.Release|iPhoneSimulator.ActiveCfg = Release|iPhoneSimulator
		{69554039-CA03-4072-8FE0-8584AF66AC37}.Release|iPhoneSimulator.Build.0 = Release|iPhoneSimulator
		{4EC965A3-40C4-48BF-ACB0-DFC34D4FECA8}.Ad-Hoc|Any CPU.ActiveCfg = Release|Any CPU
		{4EC965A3-40C4-48BF-ACB0-DFC34D4FECA8}.Ad-Hoc|Any CPU.Build.0 = Release|Any CPU
		{4EC965A3-40C4-48BF-ACB0-DFC34D4FECA8}.Ad-Hoc|Any CPU.Deploy.0 = Release|Any CPU
		{4EC965A3-40C4-48BF-ACB0-DFC34D4FECA8}.Ad-Hoc|iPhone.ActiveCfg = Release|Any CPU
		{4EC965A3-40C4-48BF-ACB0-DFC34D4FECA8}.Ad-Hoc|iPhone.Build.0 = Release|Any CPU
		{4EC965A3-40C4-48BF-ACB0-DFC34D4FECA8}.Ad-Hoc|iPhone.Deploy.0 = Release|Any CPU
		{4EC965A3-40C4-48BF-ACB0-DFC34D4FECA8}.Ad-Hoc|iPhoneSimulator.ActiveCfg = Release|Any CPU
		{4EC965A3-40C4-48BF-ACB0-DFC34D4FECA8}.Ad-Hoc|iPhoneSimulator.Build.0 = Release|Any CPU
		{4EC965A3-40C4-48BF-ACB0-DFC34D4FECA8}.Ad-Hoc|iPhoneSimulator.Deploy.0 = Release|Any CPU
		{4EC965A3-40C4-48BF-ACB0-DFC34D4FECA8}.AppStore|Any CPU.ActiveCfg = Release|Any CPU
		{4EC965A3-40C4-48BF-ACB0-DFC34D4FECA8}.AppStore|Any CPU.Build.0 = Release|Any CPU
		{4EC965A3-40C4-48BF-ACB0-DFC34D4FECA8}.AppStore|Any CPU.Deploy.0 = Release|Any CPU
		{4EC965A3-40C4-48BF-ACB0-DFC34D4FECA8}.AppStore|iPhone.ActiveCfg = Release|Any CPU
		{4EC965A3-40C4-48BF-ACB0-DFC34D4FECA8}.AppStore|iPhone.Build.0 = Release|Any CPU
		{4EC965A3-40C4-48BF-ACB0-DFC34D4FECA8}.AppStore|iPhone.Deploy.0 = Release|Any CPU
		{4EC965A3-40C4-48BF-ACB0-DFC34D4FECA8}.AppStore|iPhoneSimulator.ActiveCfg = Release|Any CPU
		{4EC965A3-40C4-48BF-ACB0-DFC34D4FECA8}.AppStore|iPhoneSimulator.Build.0 = Release|Any CPU
		{4EC965A3-40C4-48BF-ACB0-DFC34D4FECA8}.AppStore|iPhoneSimulator.Deploy.0 = Release|Any CPU
		{4EC965A3-40C4-48BF-ACB0-DFC34D4FECA8}.Debug|Any CPU.ActiveCfg = Debug|Any CPU
		{4EC965A3-40C4-48BF-ACB0-DFC34D4FECA8}.Debug|Any CPU.Build.0 = Debug|Any CPU
		{4EC965A3-40C4-48BF-ACB0-DFC34D4FECA8}.Debug|Any CPU.Deploy.0 = Debug|Any CPU
		{4EC965A3-40C4-48BF-ACB0-DFC34D4FECA8}.Debug|iPhone.ActiveCfg = Debug|Any CPU
		{4EC965A3-40C4-48BF-ACB0-DFC34D4FECA8}.Debug|iPhone.Build.0 = Debug|Any CPU
		{4EC965A3-40C4-48BF-ACB0-DFC34D4FECA8}.Debug|iPhone.Deploy.0 = Debug|Any CPU
		{4EC965A3-40C4-48BF-ACB0-DFC34D4FECA8}.Debug|iPhoneSimulator.ActiveCfg = Debug|Any CPU
		{4EC965A3-40C4-48BF-ACB0-DFC34D4FECA8}.Debug|iPhoneSimulator.Build.0 = Debug|Any CPU
		{4EC965A3-40C4-48BF-ACB0-DFC34D4FECA8}.Debug|iPhoneSimulator.Deploy.0 = Debug|Any CPU
		{4EC965A3-40C4-48BF-ACB0-DFC34D4FECA8}.Release|Any CPU.ActiveCfg = Release|Any CPU
		{4EC965A3-40C4-48BF-ACB0-DFC34D4FECA8}.Release|Any CPU.Build.0 = Release|Any CPU
		{4EC965A3-40C4-48BF-ACB0-DFC34D4FECA8}.Release|Any CPU.Deploy.0 = Release|Any CPU
		{4EC965A3-40C4-48BF-ACB0-DFC34D4FECA8}.Release|iPhone.ActiveCfg = Release|Any CPU
		{4EC965A3-40C4-48BF-ACB0-DFC34D4FECA8}.Release|iPhone.Build.0 = Release|Any CPU
		{4EC965A3-40C4-48BF-ACB0-DFC34D4FECA8}.Release|iPhone.Deploy.0 = Release|Any CPU
		{4EC965A3-40C4-48BF-ACB0-DFC34D4FECA8}.Release|iPhoneSimulator.ActiveCfg = Release|Any CPU
		{4EC965A3-40C4-48BF-ACB0-DFC34D4FECA8}.Release|iPhoneSimulator.Build.0 = Release|Any CPU
		{4EC965A3-40C4-48BF-ACB0-DFC34D4FECA8}.Release|iPhoneSimulator.Deploy.0 = Release|Any CPU
		{B708EFB0-96B9-4448-A84A-8BED5FD589AD}.Ad-Hoc|Any CPU.ActiveCfg = Release|iPhoneSimulator
		{B708EFB0-96B9-4448-A84A-8BED5FD589AD}.Ad-Hoc|Any CPU.Build.0 = Release|iPhoneSimulator
		{B708EFB0-96B9-4448-A84A-8BED5FD589AD}.Ad-Hoc|iPhone.ActiveCfg = Release|iPhone
		{B708EFB0-96B9-4448-A84A-8BED5FD589AD}.Ad-Hoc|iPhone.Build.0 = Release|iPhone
		{B708EFB0-96B9-4448-A84A-8BED5FD589AD}.Ad-Hoc|iPhoneSimulator.ActiveCfg = Release|iPhoneSimulator
		{B708EFB0-96B9-4448-A84A-8BED5FD589AD}.Ad-Hoc|iPhoneSimulator.Build.0 = Release|iPhoneSimulator
		{B708EFB0-96B9-4448-A84A-8BED5FD589AD}.AppStore|Any CPU.ActiveCfg = Release|iPhoneSimulator
		{B708EFB0-96B9-4448-A84A-8BED5FD589AD}.AppStore|Any CPU.Build.0 = Release|iPhoneSimulator
		{B708EFB0-96B9-4448-A84A-8BED5FD589AD}.AppStore|iPhone.ActiveCfg = Release|iPhone
		{B708EFB0-96B9-4448-A84A-8BED5FD589AD}.AppStore|iPhone.Build.0 = Release|iPhone
		{B708EFB0-96B9-4448-A84A-8BED5FD589AD}.AppStore|iPhoneSimulator.ActiveCfg = Release|iPhoneSimulator
		{B708EFB0-96B9-4448-A84A-8BED5FD589AD}.AppStore|iPhoneSimulator.Build.0 = Release|iPhoneSimulator
		{B708EFB0-96B9-4448-A84A-8BED5FD589AD}.Debug|Any CPU.ActiveCfg = Debug|iPhone
		{B708EFB0-96B9-4448-A84A-8BED5FD589AD}.Debug|iPhone.ActiveCfg = Debug|iPhone
		{B708EFB0-96B9-4448-A84A-8BED5FD589AD}.Debug|iPhone.Build.0 = Debug|iPhone
		{B708EFB0-96B9-4448-A84A-8BED5FD589AD}.Debug|iPhoneSimulator.ActiveCfg = Debug|iPhoneSimulator
		{B708EFB0-96B9-4448-A84A-8BED5FD589AD}.Debug|iPhoneSimulator.Build.0 = Debug|iPhoneSimulator
		{B708EFB0-96B9-4448-A84A-8BED5FD589AD}.Release|Any CPU.ActiveCfg = Release|iPhone
		{B708EFB0-96B9-4448-A84A-8BED5FD589AD}.Release|iPhone.ActiveCfg = Release|iPhone
		{B708EFB0-96B9-4448-A84A-8BED5FD589AD}.Release|iPhone.Build.0 = Release|iPhone
		{B708EFB0-96B9-4448-A84A-8BED5FD589AD}.Release|iPhoneSimulator.ActiveCfg = Release|iPhoneSimulator
		{B708EFB0-96B9-4448-A84A-8BED5FD589AD}.Release|iPhoneSimulator.Build.0 = Release|iPhoneSimulator
		{92C530F4-5E22-40C1-A506-4EE26D81207F}.Ad-Hoc|Any CPU.ActiveCfg = Release|Any CPU
		{92C530F4-5E22-40C1-A506-4EE26D81207F}.Ad-Hoc|Any CPU.Build.0 = Release|Any CPU
		{92C530F4-5E22-40C1-A506-4EE26D81207F}.Ad-Hoc|iPhone.ActiveCfg = Release|Any CPU
		{92C530F4-5E22-40C1-A506-4EE26D81207F}.Ad-Hoc|iPhone.Build.0 = Release|Any CPU
		{92C530F4-5E22-40C1-A506-4EE26D81207F}.Ad-Hoc|iPhoneSimulator.ActiveCfg = Release|Any CPU
		{92C530F4-5E22-40C1-A506-4EE26D81207F}.Ad-Hoc|iPhoneSimulator.Build.0 = Release|Any CPU
		{92C530F4-5E22-40C1-A506-4EE26D81207F}.AppStore|Any CPU.ActiveCfg = Release|Any CPU
		{92C530F4-5E22-40C1-A506-4EE26D81207F}.AppStore|Any CPU.Build.0 = Release|Any CPU
		{92C530F4-5E22-40C1-A506-4EE26D81207F}.AppStore|iPhone.ActiveCfg = Release|Any CPU
		{92C530F4-5E22-40C1-A506-4EE26D81207F}.AppStore|iPhone.Build.0 = Release|Any CPU
		{92C530F4-5E22-40C1-A506-4EE26D81207F}.AppStore|iPhoneSimulator.ActiveCfg = Release|Any CPU
		{92C530F4-5E22-40C1-A506-4EE26D81207F}.AppStore|iPhoneSimulator.Build.0 = Release|Any CPU
		{92C530F4-5E22-40C1-A506-4EE26D81207F}.Debug|Any CPU.ActiveCfg = Debug|Any CPU
		{92C530F4-5E22-40C1-A506-4EE26D81207F}.Debug|Any CPU.Build.0 = Debug|Any CPU
		{92C530F4-5E22-40C1-A506-4EE26D81207F}.Debug|iPhone.ActiveCfg = Debug|Any CPU
		{92C530F4-5E22-40C1-A506-4EE26D81207F}.Debug|iPhone.Build.0 = Debug|Any CPU
		{92C530F4-5E22-40C1-A506-4EE26D81207F}.Debug|iPhoneSimulator.ActiveCfg = Debug|Any CPU
		{92C530F4-5E22-40C1-A506-4EE26D81207F}.Debug|iPhoneSimulator.Build.0 = Debug|Any CPU
		{92C530F4-5E22-40C1-A506-4EE26D81207F}.Release|Any CPU.ActiveCfg = Release|Any CPU
		{92C530F4-5E22-40C1-A506-4EE26D81207F}.Release|Any CPU.Build.0 = Release|Any CPU
		{92C530F4-5E22-40C1-A506-4EE26D81207F}.Release|iPhone.ActiveCfg = Release|Any CPU
		{92C530F4-5E22-40C1-A506-4EE26D81207F}.Release|iPhone.Build.0 = Release|Any CPU
		{92C530F4-5E22-40C1-A506-4EE26D81207F}.Release|iPhoneSimulator.ActiveCfg = Release|Any CPU
		{92C530F4-5E22-40C1-A506-4EE26D81207F}.Release|iPhoneSimulator.Build.0 = Release|Any CPU
		{DC5A89BD-BFDF-4BAD-8104-71513828C3D4}.Ad-Hoc|Any CPU.ActiveCfg = Release|Any CPU
		{DC5A89BD-BFDF-4BAD-8104-71513828C3D4}.Ad-Hoc|Any CPU.Build.0 = Release|Any CPU
		{DC5A89BD-BFDF-4BAD-8104-71513828C3D4}.Ad-Hoc|Any CPU.Deploy.0 = Release|Any CPU
		{DC5A89BD-BFDF-4BAD-8104-71513828C3D4}.Ad-Hoc|iPhone.ActiveCfg = Release|Any CPU
		{DC5A89BD-BFDF-4BAD-8104-71513828C3D4}.Ad-Hoc|iPhone.Build.0 = Release|Any CPU
		{DC5A89BD-BFDF-4BAD-8104-71513828C3D4}.Ad-Hoc|iPhone.Deploy.0 = Release|Any CPU
		{DC5A89BD-BFDF-4BAD-8104-71513828C3D4}.Ad-Hoc|iPhoneSimulator.ActiveCfg = Release|Any CPU
		{DC5A89BD-BFDF-4BAD-8104-71513828C3D4}.Ad-Hoc|iPhoneSimulator.Build.0 = Release|Any CPU
		{DC5A89BD-BFDF-4BAD-8104-71513828C3D4}.Ad-Hoc|iPhoneSimulator.Deploy.0 = Release|Any CPU
		{DC5A89BD-BFDF-4BAD-8104-71513828C3D4}.AppStore|Any CPU.ActiveCfg = Release|Any CPU
		{DC5A89BD-BFDF-4BAD-8104-71513828C3D4}.AppStore|Any CPU.Build.0 = Release|Any CPU
		{DC5A89BD-BFDF-4BAD-8104-71513828C3D4}.AppStore|Any CPU.Deploy.0 = Release|Any CPU
		{DC5A89BD-BFDF-4BAD-8104-71513828C3D4}.AppStore|iPhone.ActiveCfg = Release|Any CPU
		{DC5A89BD-BFDF-4BAD-8104-71513828C3D4}.AppStore|iPhone.Build.0 = Release|Any CPU
		{DC5A89BD-BFDF-4BAD-8104-71513828C3D4}.AppStore|iPhone.Deploy.0 = Release|Any CPU
		{DC5A89BD-BFDF-4BAD-8104-71513828C3D4}.AppStore|iPhoneSimulator.ActiveCfg = Release|Any CPU
		{DC5A89BD-BFDF-4BAD-8104-71513828C3D4}.AppStore|iPhoneSimulator.Build.0 = Release|Any CPU
		{DC5A89BD-BFDF-4BAD-8104-71513828C3D4}.AppStore|iPhoneSimulator.Deploy.0 = Release|Any CPU
		{DC5A89BD-BFDF-4BAD-8104-71513828C3D4}.Debug|Any CPU.ActiveCfg = Debug|Any CPU
		{DC5A89BD-BFDF-4BAD-8104-71513828C3D4}.Debug|Any CPU.Build.0 = Debug|Any CPU
		{DC5A89BD-BFDF-4BAD-8104-71513828C3D4}.Debug|Any CPU.Deploy.0 = Debug|Any CPU
		{DC5A89BD-BFDF-4BAD-8104-71513828C3D4}.Debug|iPhone.ActiveCfg = Debug|Any CPU
		{DC5A89BD-BFDF-4BAD-8104-71513828C3D4}.Debug|iPhone.Build.0 = Debug|Any CPU
		{DC5A89BD-BFDF-4BAD-8104-71513828C3D4}.Debug|iPhone.Deploy.0 = Debug|Any CPU
		{DC5A89BD-BFDF-4BAD-8104-71513828C3D4}.Debug|iPhoneSimulator.ActiveCfg = Debug|Any CPU
		{DC5A89BD-BFDF-4BAD-8104-71513828C3D4}.Debug|iPhoneSimulator.Build.0 = Debug|Any CPU
		{DC5A89BD-BFDF-4BAD-8104-71513828C3D4}.Debug|iPhoneSimulator.Deploy.0 = Debug|Any CPU
		{DC5A89BD-BFDF-4BAD-8104-71513828C3D4}.Release|Any CPU.ActiveCfg = Release|Any CPU
		{DC5A89BD-BFDF-4BAD-8104-71513828C3D4}.Release|Any CPU.Build.0 = Release|Any CPU
		{DC5A89BD-BFDF-4BAD-8104-71513828C3D4}.Release|Any CPU.Deploy.0 = Release|Any CPU
		{DC5A89BD-BFDF-4BAD-8104-71513828C3D4}.Release|iPhone.ActiveCfg = Release|Any CPU
		{DC5A89BD-BFDF-4BAD-8104-71513828C3D4}.Release|iPhone.Build.0 = Release|Any CPU
		{DC5A89BD-BFDF-4BAD-8104-71513828C3D4}.Release|iPhone.Deploy.0 = Release|Any CPU
		{DC5A89BD-BFDF-4BAD-8104-71513828C3D4}.Release|iPhoneSimulator.ActiveCfg = Release|Any CPU
		{DC5A89BD-BFDF-4BAD-8104-71513828C3D4}.Release|iPhoneSimulator.Build.0 = Release|Any CPU
		{DC5A89BD-BFDF-4BAD-8104-71513828C3D4}.Release|iPhoneSimulator.Deploy.0 = Release|Any CPU
		{395C9AC6-F166-4E00-A824-AE21D2F0DCC9}.Ad-Hoc|Any CPU.ActiveCfg = Release|iPhoneSimulator
		{395C9AC6-F166-4E00-A824-AE21D2F0DCC9}.Ad-Hoc|Any CPU.Build.0 = Release|iPhoneSimulator
		{395C9AC6-F166-4E00-A824-AE21D2F0DCC9}.Ad-Hoc|iPhone.ActiveCfg = Release|iPhone
		{395C9AC6-F166-4E00-A824-AE21D2F0DCC9}.Ad-Hoc|iPhone.Build.0 = Release|iPhone
		{395C9AC6-F166-4E00-A824-AE21D2F0DCC9}.Ad-Hoc|iPhoneSimulator.ActiveCfg = Release|iPhoneSimulator
		{395C9AC6-F166-4E00-A824-AE21D2F0DCC9}.Ad-Hoc|iPhoneSimulator.Build.0 = Release|iPhoneSimulator
		{395C9AC6-F166-4E00-A824-AE21D2F0DCC9}.AppStore|Any CPU.ActiveCfg = Release|iPhoneSimulator
		{395C9AC6-F166-4E00-A824-AE21D2F0DCC9}.AppStore|Any CPU.Build.0 = Release|iPhoneSimulator
		{395C9AC6-F166-4E00-A824-AE21D2F0DCC9}.AppStore|iPhone.ActiveCfg = Release|iPhone
		{395C9AC6-F166-4E00-A824-AE21D2F0DCC9}.AppStore|iPhone.Build.0 = Release|iPhone
		{395C9AC6-F166-4E00-A824-AE21D2F0DCC9}.AppStore|iPhoneSimulator.ActiveCfg = Release|iPhoneSimulator
		{395C9AC6-F166-4E00-A824-AE21D2F0DCC9}.AppStore|iPhoneSimulator.Build.0 = Release|iPhoneSimulator
		{395C9AC6-F166-4E00-A824-AE21D2F0DCC9}.Debug|Any CPU.ActiveCfg = Debug|iPhone
		{395C9AC6-F166-4E00-A824-AE21D2F0DCC9}.Debug|iPhone.ActiveCfg = Debug|iPhone
		{395C9AC6-F166-4E00-A824-AE21D2F0DCC9}.Debug|iPhone.Build.0 = Debug|iPhone
		{395C9AC6-F166-4E00-A824-AE21D2F0DCC9}.Debug|iPhoneSimulator.ActiveCfg = Debug|iPhoneSimulator
		{395C9AC6-F166-4E00-A824-AE21D2F0DCC9}.Debug|iPhoneSimulator.Build.0 = Debug|iPhoneSimulator
		{395C9AC6-F166-4E00-A824-AE21D2F0DCC9}.Release|Any CPU.ActiveCfg = Release|iPhone
		{395C9AC6-F166-4E00-A824-AE21D2F0DCC9}.Release|iPhone.ActiveCfg = Release|iPhone
		{395C9AC6-F166-4E00-A824-AE21D2F0DCC9}.Release|iPhone.Build.0 = Release|iPhone
		{395C9AC6-F166-4E00-A824-AE21D2F0DCC9}.Release|iPhoneSimulator.ActiveCfg = Release|iPhoneSimulator
		{395C9AC6-F166-4E00-A824-AE21D2F0DCC9}.Release|iPhoneSimulator.Build.0 = Release|iPhoneSimulator
		{0D8CBEF6-D527-465D-8EA3-F029425D13FB}.Ad-Hoc|Any CPU.ActiveCfg = Debug|Any CPU
		{0D8CBEF6-D527-465D-8EA3-F029425D13FB}.Ad-Hoc|Any CPU.Build.0 = Debug|Any CPU
		{0D8CBEF6-D527-465D-8EA3-F029425D13FB}.Ad-Hoc|iPhone.ActiveCfg = Debug|Any CPU
		{0D8CBEF6-D527-465D-8EA3-F029425D13FB}.Ad-Hoc|iPhone.Build.0 = Debug|Any CPU
		{0D8CBEF6-D527-465D-8EA3-F029425D13FB}.Ad-Hoc|iPhoneSimulator.ActiveCfg = Debug|Any CPU
		{0D8CBEF6-D527-465D-8EA3-F029425D13FB}.Ad-Hoc|iPhoneSimulator.Build.0 = Debug|Any CPU
		{0D8CBEF6-D527-465D-8EA3-F029425D13FB}.AppStore|Any CPU.ActiveCfg = Debug|Any CPU
		{0D8CBEF6-D527-465D-8EA3-F029425D13FB}.AppStore|Any CPU.Build.0 = Debug|Any CPU
		{0D8CBEF6-D527-465D-8EA3-F029425D13FB}.AppStore|iPhone.ActiveCfg = Debug|Any CPU
		{0D8CBEF6-D527-465D-8EA3-F029425D13FB}.AppStore|iPhone.Build.0 = Debug|Any CPU
		{0D8CBEF6-D527-465D-8EA3-F029425D13FB}.AppStore|iPhoneSimulator.ActiveCfg = Debug|Any CPU
		{0D8CBEF6-D527-465D-8EA3-F029425D13FB}.AppStore|iPhoneSimulator.Build.0 = Debug|Any CPU
		{0D8CBEF6-D527-465D-8EA3-F029425D13FB}.Debug|Any CPU.ActiveCfg = Debug|Any CPU
		{0D8CBEF6-D527-465D-8EA3-F029425D13FB}.Debug|Any CPU.Build.0 = Debug|Any CPU
		{0D8CBEF6-D527-465D-8EA3-F029425D13FB}.Debug|iPhone.ActiveCfg = Debug|Any CPU
		{0D8CBEF6-D527-465D-8EA3-F029425D13FB}.Debug|iPhone.Build.0 = Debug|Any CPU
		{0D8CBEF6-D527-465D-8EA3-F029425D13FB}.Debug|iPhoneSimulator.ActiveCfg = Debug|Any CPU
		{0D8CBEF6-D527-465D-8EA3-F029425D13FB}.Debug|iPhoneSimulator.Build.0 = Debug|Any CPU
		{0D8CBEF6-D527-465D-8EA3-F029425D13FB}.Release|Any CPU.ActiveCfg = Release|Any CPU
		{0D8CBEF6-D527-465D-8EA3-F029425D13FB}.Release|Any CPU.Build.0 = Release|Any CPU
		{0D8CBEF6-D527-465D-8EA3-F029425D13FB}.Release|iPhone.ActiveCfg = Release|Any CPU
		{0D8CBEF6-D527-465D-8EA3-F029425D13FB}.Release|iPhone.Build.0 = Release|Any CPU
		{0D8CBEF6-D527-465D-8EA3-F029425D13FB}.Release|iPhoneSimulator.ActiveCfg = Release|Any CPU
		{0D8CBEF6-D527-465D-8EA3-F029425D13FB}.Release|iPhoneSimulator.Build.0 = Release|Any CPU
		{B73F5541-9539-43DE-935E-E1B11F422AE8}.Ad-Hoc|Any CPU.ActiveCfg = Release|Any CPU
		{B73F5541-9539-43DE-935E-E1B11F422AE8}.Ad-Hoc|Any CPU.Build.0 = Release|Any CPU
		{B73F5541-9539-43DE-935E-E1B11F422AE8}.Ad-Hoc|Any CPU.Deploy.0 = Release|Any CPU
		{B73F5541-9539-43DE-935E-E1B11F422AE8}.Ad-Hoc|iPhone.ActiveCfg = Release|Any CPU
		{B73F5541-9539-43DE-935E-E1B11F422AE8}.Ad-Hoc|iPhone.Build.0 = Release|Any CPU
		{B73F5541-9539-43DE-935E-E1B11F422AE8}.Ad-Hoc|iPhone.Deploy.0 = Release|Any CPU
		{B73F5541-9539-43DE-935E-E1B11F422AE8}.Ad-Hoc|iPhoneSimulator.ActiveCfg = Release|Any CPU
		{B73F5541-9539-43DE-935E-E1B11F422AE8}.Ad-Hoc|iPhoneSimulator.Build.0 = Release|Any CPU
		{B73F5541-9539-43DE-935E-E1B11F422AE8}.Ad-Hoc|iPhoneSimulator.Deploy.0 = Release|Any CPU
		{B73F5541-9539-43DE-935E-E1B11F422AE8}.AppStore|Any CPU.ActiveCfg = Release|Any CPU
		{B73F5541-9539-43DE-935E-E1B11F422AE8}.AppStore|Any CPU.Build.0 = Release|Any CPU
		{B73F5541-9539-43DE-935E-E1B11F422AE8}.AppStore|Any CPU.Deploy.0 = Release|Any CPU
		{B73F5541-9539-43DE-935E-E1B11F422AE8}.AppStore|iPhone.ActiveCfg = Release|Any CPU
		{B73F5541-9539-43DE-935E-E1B11F422AE8}.AppStore|iPhone.Build.0 = Release|Any CPU
		{B73F5541-9539-43DE-935E-E1B11F422AE8}.AppStore|iPhone.Deploy.0 = Release|Any CPU
		{B73F5541-9539-43DE-935E-E1B11F422AE8}.AppStore|iPhoneSimulator.ActiveCfg = Release|Any CPU
		{B73F5541-9539-43DE-935E-E1B11F422AE8}.AppStore|iPhoneSimulator.Build.0 = Release|Any CPU
		{B73F5541-9539-43DE-935E-E1B11F422AE8}.AppStore|iPhoneSimulator.Deploy.0 = Release|Any CPU
		{B73F5541-9539-43DE-935E-E1B11F422AE8}.Debug|Any CPU.ActiveCfg = Debug|Any CPU
		{B73F5541-9539-43DE-935E-E1B11F422AE8}.Debug|Any CPU.Build.0 = Debug|Any CPU
		{B73F5541-9539-43DE-935E-E1B11F422AE8}.Debug|Any CPU.Deploy.0 = Debug|Any CPU
		{B73F5541-9539-43DE-935E-E1B11F422AE8}.Debug|iPhone.ActiveCfg = Debug|Any CPU
		{B73F5541-9539-43DE-935E-E1B11F422AE8}.Debug|iPhone.Build.0 = Debug|Any CPU
		{B73F5541-9539-43DE-935E-E1B11F422AE8}.Debug|iPhone.Deploy.0 = Debug|Any CPU
		{B73F5541-9539-43DE-935E-E1B11F422AE8}.Debug|iPhoneSimulator.ActiveCfg = Debug|Any CPU
		{B73F5541-9539-43DE-935E-E1B11F422AE8}.Debug|iPhoneSimulator.Build.0 = Debug|Any CPU
		{B73F5541-9539-43DE-935E-E1B11F422AE8}.Debug|iPhoneSimulator.Deploy.0 = Debug|Any CPU
		{B73F5541-9539-43DE-935E-E1B11F422AE8}.Release|Any CPU.ActiveCfg = Release|Any CPU
		{B73F5541-9539-43DE-935E-E1B11F422AE8}.Release|Any CPU.Build.0 = Release|Any CPU
		{B73F5541-9539-43DE-935E-E1B11F422AE8}.Release|Any CPU.Deploy.0 = Release|Any CPU
		{B73F5541-9539-43DE-935E-E1B11F422AE8}.Release|iPhone.ActiveCfg = Release|Any CPU
		{B73F5541-9539-43DE-935E-E1B11F422AE8}.Release|iPhone.Build.0 = Release|Any CPU
		{B73F5541-9539-43DE-935E-E1B11F422AE8}.Release|iPhone.Deploy.0 = Release|Any CPU
		{B73F5541-9539-43DE-935E-E1B11F422AE8}.Release|iPhoneSimulator.ActiveCfg = Release|Any CPU
		{B73F5541-9539-43DE-935E-E1B11F422AE8}.Release|iPhoneSimulator.Build.0 = Release|Any CPU
		{B73F5541-9539-43DE-935E-E1B11F422AE8}.Release|iPhoneSimulator.Deploy.0 = Release|Any CPU
		{C9D4296A-B1BD-4065-BAA3-C212EA1B44B5}.Ad-Hoc|Any CPU.ActiveCfg = Ad-Hoc|iPhone
		{C9D4296A-B1BD-4065-BAA3-C212EA1B44B5}.Ad-Hoc|iPhone.ActiveCfg = Ad-Hoc|iPhone
		{C9D4296A-B1BD-4065-BAA3-C212EA1B44B5}.Ad-Hoc|iPhone.Build.0 = Ad-Hoc|iPhone
		{C9D4296A-B1BD-4065-BAA3-C212EA1B44B5}.Ad-Hoc|iPhoneSimulator.ActiveCfg = Ad-Hoc|iPhoneSimulator
		{C9D4296A-B1BD-4065-BAA3-C212EA1B44B5}.Ad-Hoc|iPhoneSimulator.Build.0 = Ad-Hoc|iPhoneSimulator
		{C9D4296A-B1BD-4065-BAA3-C212EA1B44B5}.AppStore|Any CPU.ActiveCfg = AppStore|iPhone
		{C9D4296A-B1BD-4065-BAA3-C212EA1B44B5}.AppStore|iPhone.ActiveCfg = AppStore|iPhone
		{C9D4296A-B1BD-4065-BAA3-C212EA1B44B5}.AppStore|iPhone.Build.0 = AppStore|iPhone
		{C9D4296A-B1BD-4065-BAA3-C212EA1B44B5}.AppStore|iPhoneSimulator.ActiveCfg = AppStore|iPhoneSimulator
		{C9D4296A-B1BD-4065-BAA3-C212EA1B44B5}.AppStore|iPhoneSimulator.Build.0 = AppStore|iPhoneSimulator
		{C9D4296A-B1BD-4065-BAA3-C212EA1B44B5}.Debug|Any CPU.ActiveCfg = Debug|iPhone
		{C9D4296A-B1BD-4065-BAA3-C212EA1B44B5}.Debug|iPhone.ActiveCfg = Debug|iPhone
		{C9D4296A-B1BD-4065-BAA3-C212EA1B44B5}.Debug|iPhone.Build.0 = Debug|iPhone
		{C9D4296A-B1BD-4065-BAA3-C212EA1B44B5}.Debug|iPhoneSimulator.ActiveCfg = Debug|iPhoneSimulator
		{C9D4296A-B1BD-4065-BAA3-C212EA1B44B5}.Debug|iPhoneSimulator.Build.0 = Debug|iPhoneSimulator
		{C9D4296A-B1BD-4065-BAA3-C212EA1B44B5}.Release|Any CPU.ActiveCfg = Release|iPhone
		{C9D4296A-B1BD-4065-BAA3-C212EA1B44B5}.Release|iPhone.ActiveCfg = Release|iPhone
		{C9D4296A-B1BD-4065-BAA3-C212EA1B44B5}.Release|iPhone.Build.0 = Release|iPhone
		{C9D4296A-B1BD-4065-BAA3-C212EA1B44B5}.Release|iPhoneSimulator.ActiveCfg = Release|iPhoneSimulator
		{C9D4296A-B1BD-4065-BAA3-C212EA1B44B5}.Release|iPhoneSimulator.Build.0 = Release|iPhoneSimulator
	EndGlobalSection
	GlobalSection(SolutionProperties) = preSolution
		HideSolutionNode = FALSE
	EndGlobalSection
	GlobalSection(NestedProjects) = preSolution
		{7AF894B5-E480-42C4-B5F0-741019EB7B42} = {9977B278-D2E7-42D8-9829-1C3FD893AE97}
		{8B91D04D-680A-44AD-BF67-D7C0DBE12964} = {EF9AC0D6-0E58-4868-A4AD-AF8366F25E45}
		{D0271F75-0F17-4548-B9E8-367158DA58B0} = {EF9AC0D6-0E58-4868-A4AD-AF8366F25E45}
		{B5370401-C7AE-4BBB-8DF3-9E55EDB02D43} = {D0271F75-0F17-4548-B9E8-367158DA58B0}
		{7B8A1134-124A-47BE-AE1A-31AB94F70F98} = {8B91D04D-680A-44AD-BF67-D7C0DBE12964}
		{715A3D3A-1D5D-4D1E-9723-CEAB0469131E} = {8B91D04D-680A-44AD-BF67-D7C0DBE12964}
		{7B9F939B-499D-4CD7-9D02-B8D3EB458B2A} = {8B91D04D-680A-44AD-BF67-D7C0DBE12964}
		{E1A20C1D-8FD8-4DB0-925C-0767439DEDC6} = {D0271F75-0F17-4548-B9E8-367158DA58B0}
		{C4420B52-5ABF-4F7A-85AF-2155F3DC9BB5} = {9B55B8B1-76F3-4D22-9525-1E8017E38F15}
		{769F76AD-48C5-4D3A-83AC-52BFABF0E54E} = {9B55B8B1-76F3-4D22-9525-1E8017E38F15}
		{310031AB-F281-4954-AACB-670A19DB4FCB} = {9B55B8B1-76F3-4D22-9525-1E8017E38F15}
		{FE5F0C94-9C6D-402A-8004-63C8404CC84C} = {9B55B8B1-76F3-4D22-9525-1E8017E38F15}
		{57CA013F-507D-48F9-8921-D7870C600572} = {9B55B8B1-76F3-4D22-9525-1E8017E38F15}
		{408F4CC6-CDE2-4015-AC63-F80168CFDE24} = {9B55B8B1-76F3-4D22-9525-1E8017E38F15}
		{4C2FB941-13F7-497C-9770-6575F9B80778} = {9B55B8B1-76F3-4D22-9525-1E8017E38F15}
		{69554039-CA03-4072-8FE0-8584AF66AC37} = {9B55B8B1-76F3-4D22-9525-1E8017E38F15}
		{4EC965A3-40C4-48BF-ACB0-DFC34D4FECA8} = {9B55B8B1-76F3-4D22-9525-1E8017E38F15}
		{B708EFB0-96B9-4448-A84A-8BED5FD589AD} = {9B55B8B1-76F3-4D22-9525-1E8017E38F15}
		{92C530F4-5E22-40C1-A506-4EE26D81207F} = {9B55B8B1-76F3-4D22-9525-1E8017E38F15}
		{732018CC-6F5C-46CD-A438-B31F6D7A015B} = {EF9AC0D6-0E58-4868-A4AD-AF8366F25E45}
		{DC5A89BD-BFDF-4BAD-8104-71513828C3D4} = {732018CC-6F5C-46CD-A438-B31F6D7A015B}
		{395C9AC6-F166-4E00-A824-AE21D2F0DCC9} = {732018CC-6F5C-46CD-A438-B31F6D7A015B}
		{2480115D-027D-47FC-A59A-7BF4DCF4C56D} = {EF9AC0D6-0E58-4868-A4AD-AF8366F25E45}
		{0D8CBEF6-D527-465D-8EA3-F029425D13FB} = {2480115D-027D-47FC-A59A-7BF4DCF4C56D}
		{B73F5541-9539-43DE-935E-E1B11F422AE8} = {2480115D-027D-47FC-A59A-7BF4DCF4C56D}
		{C9D4296A-B1BD-4065-BAA3-C212EA1B44B5} = {2480115D-027D-47FC-A59A-7BF4DCF4C56D}
	EndGlobalSection
	GlobalSection(ExtensibilityGlobals) = postSolution
		SolutionGuid = {4EC9F1DD-B08B-44D3-A6C5-13366D83E62F}
	EndGlobalSection
EndGlobal
